{
  "projects": [
    {
      "projectId": "r3ASNrnyvLLLAtDvzUioQ",
      "version": "4.8.0",
      "dependencies": {},
      "lang": "ts",
      "fileLocks": [
        {
          "assetId": "r3ASNrnyvLLLAtDvzUioQ",
          "type": "projectCss",
          "checksum": "1c02168c6b23256606111fdfdbb63549"
        }
      ],
      "codegenVersion": "0.0.1"
    },
    {
      "projectId": "caTPwKxj5ZrD9LQ7DMdK4Z",
      "version": "3.40.0",
      "dependencies": {},
      "lang": "ts",
      "fileLocks": [
        {
          "assetId": "caTPwKxj5ZrD9LQ7DMdK4Z",
          "type": "projectCss",
          "checksum": "1c02168c6b23256606111fdfdbb63549"
        }
      ],
      "codegenVersion": "0.0.1"
    },
    {
      "projectId": "xfguyo8p9zs8FxMdioQAoN",
      "version": "0.35.0",
      "dependencies": {},
      "lang": "ts",
      "fileLocks": [
        {
          "assetId": "xfguyo8p9zs8FxMdioQAoN",
          "checksum": "8d7960e265a25901c2f134a5ca161aff",
          "type": "globalContexts"
        },
        {
          "assetId": "xfguyo8p9zs8FxMdioQAoN",
          "type": "projectCss",
          "checksum": "f483b8fce4e6330cc3974d394cb233f8"
        }
      ],
      "codegenVersion": "0.0.1"
    },
    {
      "projectId": "a3pmZtcpA5asHkNtN3SGoF",
      "version": "0.4.0",
      "dependencies": {},
      "lang": "ts",
      "fileLocks": [
        {
          "assetId": "a3pmZtcpA5asHkNtN3SGoF",
          "type": "projectCss",
          "checksum": "1c02168c6b23256606111fdfdbb63549"
        }
      ],
      "codegenVersion": "0.0.1"
    },
    {
      "projectId": "gLnoj82AzKVVT7qXiqAbHD",
      "version": "2.14.0",
      "dependencies": {},
      "lang": "ts",
      "fileLocks": [
        {
          "type": "renderModule",
          "assetId": "lBHNzts6tFyj",
          "checksum": "245a58fc7b2227b194c2e374efeb7ec9"
        },
        {
          "type": "cssRules",
          "assetId": "lBHNzts6tFyj",
          "checksum": "245a58fc7b2227b194c2e374efeb7ec9"
        },
        {
          "type": "icon",
          "assetId": "zq2s7N0xWucT",
          "checksum": "7691da81b3fdb3bd85f62a09bf3c2cc7"
        },
        {
          "type": "icon",
          "assetId": "8K40faRNhuCj",
          "checksum": "4fedd32cd8730884585d804464a39318"
        },
        {
          "assetId": "gLnoj82AzKVVT7qXiqAbHD",
          "type": "projectCss",
          "checksum": "1c02168c6b23256606111fdfdbb63549"
        }
      ],
      "codegenVersion": "0.0.1"
    },
    {
      "projectId": "58GpZjZCWTaJ8AUhpCwt2K",
      "version": "3.28.0",
      "dependencies": {},
      "lang": "ts",
      "fileLocks": [
        {
          "assetId": "58GpZjZCWTaJ8AUhpCwt2K",
          "type": "projectCss",
          "checksum": "f0469e206244772473ab64f50be898f9"
        }
      ],
      "codegenVersion": "0.0.1"
    },
    {
      "projectId": "5dGW8Awro3qq8Hh5MveXLP",
      "version": "1.28.0",
      "dependencies": {},
      "lang": "ts",
      "fileLocks": [
        {
          "assetId": "5dGW8Awro3qq8Hh5MveXLP",
          "type": "projectCss",
          "checksum": "853dbe64f7ebbe0fdaa1ab72cf5b53e6"
        }
      ],
      "codegenVersion": "0.0.1"
    },
    {
      "projectId": "mqxdhm5p6WHAt7hW1mdcCX",
      "version": "0.4.0",
      "dependencies": {},
      "lang": "ts",
      "fileLocks": [
        {
          "assetId": "mqxdhm5p6WHAt7hW1mdcCX",
          "type": "projectCss",
          "checksum": "1c02168c6b23256606111fdfdbb63549"
        }
      ],
      "codegenVersion": "0.0.1"
    },
    {
      "projectId": "8PtdGodUbexNYgkuyBUcWu",
      "version": "3.27.0",
      "dependencies": {},
      "lang": "ts",
      "fileLocks": [
        {
          "assetId": "8PtdGodUbexNYgkuyBUcWu",
          "checksum": "34a063f27f0b27a7d1d344bc6b5252c5",
          "type": "globalContexts"
        },
        {
          "assetId": "8PtdGodUbexNYgkuyBUcWu",
          "type": "projectCss",
          "checksum": "9440f91b1e8169311ba244276a5922c3"
        }
      ],
      "codegenVersion": "0.0.1"
    },
    {
      "projectId": "28Ba3BDvRe7EiWdfFNnLB6",
      "version": "2.38.0",
      "dependencies": {},
      "lang": "ts",
      "fileLocks": [
        {
          "assetId": "28Ba3BDvRe7EiWdfFNnLB6",
          "type": "projectCss",
          "checksum": "1c02168c6b23256606111fdfdbb63549"
        }
      ],
      "codegenVersion": "0.0.1"
    },
    {
      "projectId": "YUiM7yqBWAqsh8KSnrdj7",
      "version": "0.33.0",
      "dependencies": {},
      "lang": "ts",
      "fileLocks": [
        {
          "assetId": "YUiM7yqBWAqsh8KSnrdj7",
          "type": "projectCss",
          "checksum": "21b499a9da4edbc2266c72c2ba127787"
        }
      ],
      "codegenVersion": "0.0.1"
    },
    {
      "projectId": "9Vr5YWkf3w7jj6SsTcCEta",
      "version": "0.13.0",
      "dependencies": {},
      "lang": "ts",
      "fileLocks": [
        {
          "assetId": "9Vr5YWkf3w7jj6SsTcCEta",
          "type": "projectCss",
          "checksum": "1c02168c6b23256606111fdfdbb63549"
        }
      ],
      "codegenVersion": "0.0.1"
    },
    {
      "projectId": "jkU633o1Cz7HrJdwdxhVHk",
      "version": "16.13.0",
      "dependencies": {},
      "lang": "ts",
      "fileLocks": [
        {
          "assetId": "jkU633o1Cz7HrJdwdxhVHk",
          "type": "projectCss",
          "checksum": "cf57d229ecea50678d9d8d3bc0e3dd9b"
        }
      ],
      "codegenVersion": "0.0.1"
    },
    {
      "projectId": "ohDidvG9XsCeFumugENU3J",
      "version": "6.28.0",
      "dependencies": {},
      "lang": "ts",
      "fileLocks": [
        {
          "assetId": "ohDidvG9XsCeFumugENU3J",
          "checksum": "de0a0e65174a6a185a8f822af51c6bdd",
          "type": "globalContexts"
        },
        {
          "assetId": "ohDidvG9XsCeFumugENU3J",
          "type": "projectCss",
          "checksum": "ba2a60a163fca4f4d510275088a2be53"
        }
      ],
      "codegenVersion": "0.0.1"
    },
    {
      "projectId": "sZQMbqXz9utLNaTnNb3uss",
      "version": "latest",
      "dependencies": {
        "ohDidvG9XsCeFumugENU3J": "6.28.0",
        "jkU633o1Cz7HrJdwdxhVHk": "16.13.0",
        "9Vr5YWkf3w7jj6SsTcCEta": "0.13.0",
        "YUiM7yqBWAqsh8KSnrdj7": "0.33.0",
        "28Ba3BDvRe7EiWdfFNnLB6": "2.38.0",
        "8PtdGodUbexNYgkuyBUcWu": "3.27.0",
        "mqxdhm5p6WHAt7hW1mdcCX": "0.4.0",
        "5dGW8Awro3qq8Hh5MveXLP": "1.28.0",
        "58GpZjZCWTaJ8AUhpCwt2K": "3.28.0",
        "gLnoj82AzKVVT7qXiqAbHD": "2.14.0",
        "a3pmZtcpA5asHkNtN3SGoF": "0.4.0",
        "xfguyo8p9zs8FxMdioQAoN": "0.35.0",
        "caTPwKxj5ZrD9LQ7DMdK4Z": "3.40.0",
        "r3ASNrnyvLLLAtDvzUioQ": "4.8.0",
        "aEHVN5v6mfM4eovDsL8Z7d": "0.4.0",
        "sqPBLwEBBKHA2WDuGb17eV": "2.3.0",
        "hjKYmYi6HMwK6TRyk7ew5R": "6.42.0",
        "cAAqA2dcbTMWwuLSmjs7ss": "0.4.0"
      },
      "lang": "ts",
      "fileLocks": [
        {
          "type": "globalVariant",
          "assetId": "OSEvNkdp6ZT6",
          "checksum": "fbdd23144c28bba53728e36d0dcfe0b1"
        },
        {
          "type": "globalVariant",
          "assetId": "0yNpRAZ9BHRO",
          "checksum": "436f9c9f76f1cae1babafd40c38194eb"
        },
        {
          "type": "globalVariant",
          "assetId": "0yrtEc_Se3kZ",
          "checksum": "fb07917aa77f9e760c4c64155be6723e"
        },
        {
          "type": "globalVariant",
          "assetId": "N3RmGzhPpcNq",
          "checksum": "f8fc503ecf539933ddff536c28aa83cf"
        },
        {
          "assetId": "sZQMbqXz9utLNaTnNb3uss",
          "checksum": "dbcaeefe674ca43f6db08c44a34b9764",
          "type": "globalContexts"
        },
        {
          "assetId": "sZQMbqXz9utLNaTnNb3uss",
          "checksum": "98f5fbf8fafb9056660acb021903cbc7",
          "type": "splitsProvider"
        },
        {
          "type": "renderModule",
          "assetId": "CKHzBo8fkmuJ",
          "checksum": "564721bfe829a108d734e9a490aacec5"
        },
        {
          "type": "cssRules",
          "assetId": "CKHzBo8fkmuJ",
          "checksum": "564721bfe829a108d734e9a490aacec5"
        },
        {
          "type": "renderModule",
          "assetId": "VIx710CCadyX",
          "checksum": "7df64e98e745897661f078fc98c76ec9"
        },
        {
          "type": "cssRules",
          "assetId": "VIx710CCadyX",
          "checksum": "7df64e98e745897661f078fc98c76ec9"
        },
        {
          "type": "renderModule",
          "assetId": "S_18qgrBezWv",
          "checksum": "e6c3e61c3887a76a65df57da1ad65289"
        },
        {
          "type": "cssRules",
          "assetId": "S_18qgrBezWv",
          "checksum": "e6c3e61c3887a76a65df57da1ad65289"
        },
        {
          "type": "renderModule",
          "assetId": "P11Qgi5w3RYj",
          "checksum": "cee1322a2fb300c8434850d0fa490958"
        },
        {
          "type": "cssRules",
          "assetId": "P11Qgi5w3RYj",
          "checksum": "cee1322a2fb300c8434850d0fa490958"
        },
        {
          "type": "renderModule",
          "assetId": "-Y88ffsHF_n0",
          "checksum": "99c30369ffed35c3a7b6ab5c831abc99"
        },
        {
          "type": "cssRules",
          "assetId": "-Y88ffsHF_n0",
          "checksum": "99c30369ffed35c3a7b6ab5c831abc99"
        },
        {
          "type": "renderModule",
          "assetId": "9ozBjyq1SCcU",
          "checksum": "b820917daee14233b6011d6512752552"
        },
        {
          "type": "cssRules",
          "assetId": "9ozBjyq1SCcU",
          "checksum": "b820917daee14233b6011d6512752552"
        },
        {
          "type": "renderModule",
          "assetId": "q2bx0G2f_uvE",
          "checksum": "ae6413ad8bcaa9c54b2b3a6269c881b6"
        },
        {
          "type": "cssRules",
          "assetId": "q2bx0G2f_uvE",
          "checksum": "ae6413ad8bcaa9c54b2b3a6269c881b6"
        },
        {
          "type": "renderModule",
          "assetId": "9fjf9pOh_9qT",
          "checksum": "7faba4cf46051ffdf6d7c6c434ea0ba2"
        },
        {
          "type": "cssRules",
          "assetId": "9fjf9pOh_9qT",
          "checksum": "7faba4cf46051ffdf6d7c6c434ea0ba2"
        },
        {
          "type": "renderModule",
          "assetId": "IAxGKM4_bu7-",
          "checksum": "67fae2fbfbf2ebd0f1cf187a3610055e"
        },
        {
          "type": "cssRules",
          "assetId": "IAxGKM4_bu7-",
          "checksum": "67fae2fbfbf2ebd0f1cf187a3610055e"
        },
        {
          "type": "renderModule",
          "assetId": "-3JBPQCG-aXv",
          "checksum": "0dbfb021e2c3544e1df408f3b63be247"
        },
        {
          "type": "cssRules",
          "assetId": "-3JBPQCG-aXv",
          "checksum": "0dbfb021e2c3544e1df408f3b63be247"
        },
        {
          "type": "renderModule",
          "assetId": "_5H7Xe2DiXqI",
          "checksum": "192c963e9b257aa9eb3600fa3d8cba76"
        },
        {
          "type": "cssRules",
          "assetId": "_5H7Xe2DiXqI",
          "checksum": "192c963e9b257aa9eb3600fa3d8cba76"
        },
        {
          "type": "renderModule",
          "assetId": "qWpAVLMh0kf6",
          "checksum": "aba94e824e89b6dcb06ace57521b54b3"
        },
        {
          "type": "cssRules",
          "assetId": "qWpAVLMh0kf6",
          "checksum": "aba94e824e89b6dcb06ace57521b54b3"
        },
        {
          "type": "renderModule",
          "assetId": "zrEzOXBZcn1e",
          "checksum": "fba6123deb1e0daf09475639f245e556"
        },
        {
          "type": "cssRules",
          "assetId": "zrEzOXBZcn1e",
          "checksum": "fba6123deb1e0daf09475639f245e556"
        },
        {
          "type": "renderModule",
          "assetId": "Ic-wT0cLUqQN",
          "checksum": "e4d6e67056d23f30e282e30f693f9005"
        },
        {
          "type": "cssRules",
          "assetId": "Ic-wT0cLUqQN",
          "checksum": "e4d6e67056d23f30e282e30f693f9005"
        },
        {
          "type": "renderModule",
          "assetId": "9xs0oaOWmddY",
          "checksum": "430a8d505e0e7d6462a74b8aa0dc31b1"
        },
        {
          "type": "cssRules",
          "assetId": "9xs0oaOWmddY",
          "checksum": "430a8d505e0e7d6462a74b8aa0dc31b1"
        },
        {
          "type": "renderModule",
          "assetId": "sK9gh25-ApmB",
          "checksum": "559d1b2a7edf735739aed6ab94aa0e30"
        },
        {
          "type": "cssRules",
          "assetId": "sK9gh25-ApmB",
          "checksum": "559d1b2a7edf735739aed6ab94aa0e30"
        },
        {
          "type": "renderModule",
          "assetId": "skA4mCHGCjr2",
          "checksum": "141bd5801cd3dc9d6410609fefc289bd"
        },
        {
          "type": "cssRules",
          "assetId": "skA4mCHGCjr2",
          "checksum": "141bd5801cd3dc9d6410609fefc289bd"
        },
        {
          "type": "renderModule",
          "assetId": "LvAnlioG5nBo",
          "checksum": "684a125ad866090e95e6027881be811c"
        },
        {
          "type": "cssRules",
          "assetId": "LvAnlioG5nBo",
          "checksum": "684a125ad866090e95e6027881be811c"
        },
        {
          "type": "renderModule",
          "assetId": "s31M1-QE2ye4",
          "checksum": "317c980cac47c801a4ab385ca8b17e75"
        },
        {
          "type": "cssRules",
          "assetId": "s31M1-QE2ye4",
          "checksum": "317c980cac47c801a4ab385ca8b17e75"
        },
        {
          "type": "renderModule",
          "assetId": "KdLckjkHArJ8",
          "checksum": "75b4f8000d47b10666193c02991dd9c8"
        },
        {
          "type": "cssRules",
          "assetId": "KdLckjkHArJ8",
          "checksum": "75b4f8000d47b10666193c02991dd9c8"
        },
        {
          "type": "renderModule",
          "assetId": "_v6nB3wu5lfi",
          "checksum": "8238e06e0c5272cdb432facb27bab9b5"
        },
        {
          "type": "cssRules",
          "assetId": "_v6nB3wu5lfi",
          "checksum": "8238e06e0c5272cdb432facb27bab9b5"
        },
        {
          "type": "icon",
          "assetId": "jg6gpiNRWEQd",
          "checksum": "c22260743d215897fff284112b7aa39d"
        },
        {
          "type": "icon",
          "assetId": "kJGn19RWe05R",
          "checksum": "2a26052e846fe765c105cf1e6ee81fba"
        },
        {
          "type": "icon",
          "assetId": "TD3y-7Y5-XSe",
          "checksum": "0275101cab4e4a34bc0603e1bcff69da"
        },
        {
          "type": "icon",
          "assetId": "EsnxmYoYbiu1",
          "checksum": "15e45c6cc0e621e3d564d0945f536df0"
        },
        {
          "type": "icon",
          "assetId": "a_nZSrhqGoET",
          "checksum": "5adba285f1265321b1b44e73e15e54cc"
        },
        {
          "type": "icon",
          "assetId": "i4UpNybEy7gt",
          "checksum": "f4d53032ded0eeb9668a096af6e5ddf0"
        },
        {
          "type": "icon",
          "assetId": "MLy24KjhFbfA",
          "checksum": "0975eaf5a4b458044cc788bd691dec74"
        },
        {
          "type": "icon",
          "assetId": "GXaBnyf-6uke",
          "checksum": "21420ff482f3ca7ed09b790257db40c5"
        },
        {
          "type": "icon",
          "assetId": "82yFz4S2xECx",
          "checksum": "f76bcc16b29dffd396e03f77de7b3af4"
        },
        {
          "type": "icon",
          "assetId": "Hja4ZSVICbex",
          "checksum": "03b4b81b394a8bb14ccfc3ecd5ea6e36"
        },
        {
          "type": "icon",
          "assetId": "TL8CG-g8PdH5",
          "checksum": "78da544f352460c8a2a2964f6e593515"
        },
        {
          "type": "icon",
          "assetId": "S4C3K3vO_KbJ",
          "checksum": "f629a68dfa65c58bfb73b9cc1afcd10f"
        },
        {
          "type": "icon",
          "assetId": "Rk2K0oeRTS5a",
          "checksum": "19719aec54821d53861a589899ef8d17"
        },
        {
          "type": "icon",
          "assetId": "LNmML4UO8Edb",
          "checksum": "1ac86e443cf012c96ec3da004ba0187e"
        },
        {
          "type": "icon",
          "assetId": "PKDhRR5tO_9t",
          "checksum": "4aa42e59774e2fc4b16bc2a9b28099c7"
        },
        {
          "type": "icon",
          "assetId": "txDOSA20FGud",
          "checksum": "1a53885e3d3b569a043e898c0f7021b2"
        },
        {
          "type": "icon",
          "assetId": "3lQ_sc0p8wap",
          "checksum": "fea4038559f932390087ad63cb218714"
        },
        {
          "type": "icon",
          "assetId": "dwSCO2AnQ3_H",
          "checksum": "bd51c584e48870e0b8aa19c6ccbd7be4"
        },
        {
          "type": "icon",
          "assetId": "Z9HHiQPH0oqg",
          "checksum": "237c775a7aa9728153b086d42a18ff5d"
        },
        {
          "type": "icon",
          "assetId": "2ZGMQ6p5yCvZ",
          "checksum": "221ef21f5008feeb31bd99b64d23d15a"
        },
        {
          "type": "icon",
          "assetId": "GsFYrYWA9bY1",
          "checksum": "6d6637ac98584eaa3ee264259300191b"
        },
        {
          "type": "icon",
          "assetId": "DuoBqJ29N7bW",
          "checksum": "79e9bd636d0e9ccbf473348d17ad7ef0"
        },
        {
          "type": "icon",
          "assetId": "T8YZBqDbfTTx",
          "checksum": "3b3d0fdaebecca373b3ab8e0eab1b62a"
        },
        {
          "type": "icon",
          "assetId": "RaWUYF04_7w6",
          "checksum": "0e8e751cdb701ba03ffb44c5d894e7e8"
        },
        {
          "type": "icon",
          "assetId": "IjMf3uJxQJJ4",
          "checksum": "4985d26160a3981937dc187181544afa"
        },
        {
          "type": "icon",
          "assetId": "MoTa8xfeOqLu",
          "checksum": "18499dbddbba91f756256db5fb807920"
        },
        {
          "type": "icon",
          "assetId": "HqsORJQlPqqt",
          "checksum": "7d332155244ce3cd4d99f96e833a4f18"
        },
        {
          "type": "icon",
          "assetId": "iLykSZUWUYn3",
          "checksum": "c6817d9f982c466e60d593299ef6a8b7"
        },
        {
          "type": "icon",
          "assetId": "b24i35B2UAjx",
          "checksum": "9ed983ebd5f22a9d6e834e0c9d6b10e5"
        },
        {
          "type": "icon",
          "assetId": "33nWwgtNXke6",
          "checksum": "5f8c2d2e92747fe8ae80df57770c24e6"
        },
        {
          "type": "icon",
          "assetId": "31sCRE7YiUW_",
          "checksum": "187137663d7dd6387bd6cdcaf13916f9"
        },
        {
          "type": "icon",
          "assetId": "VaWWUPVszuTF",
          "checksum": "67dce325ef3c0758e2fb74c849bb66e2"
        },
        {
          "type": "icon",
          "assetId": "51hz8qmjnijI",
          "checksum": "682044e21ca31af4ef7e67cc651136fc"
        },
        {
          "type": "icon",
          "assetId": "XqFJUGsoKZel",
          "checksum": "b54be9762b2480e1676a0464e2c039a9"
        },
        {
          "type": "icon",
          "assetId": "3nXrgMVaV7TW",
          "checksum": "87fbba4a84841cbba220fd568db4bc84"
        },
        {
          "type": "icon",
          "assetId": "e-r3yGpdLqXV",
          "checksum": "89f17de92c3910711c045b8069b4e697"
        },
        {
          "type": "icon",
          "assetId": "2gDXBd-n767i",
          "checksum": "a13566e6a4a8c1fade40957e7a33926a"
        },
        {
          "type": "icon",
          "assetId": "9-iJA78OeHS3",
          "checksum": "8ca1a68e7282b773b9caaf64dbb416b4"
        },
        {
          "type": "icon",
          "assetId": "rHsCo4d-hWmk",
          "checksum": "57bf2832b4119ae6873894c8284a922a"
        },
        {
          "type": "icon",
          "assetId": "sTo7uTpsi2Y4",
          "checksum": "718582c988ba8f7cfbbd00ab6396ebb4"
        },
        {
          "type": "icon",
          "assetId": "OQAWETC3rCV5",
          "checksum": "a29d443023cc052a5f3a8960907ee8a9"
        },
        {
          "type": "icon",
          "assetId": "zAKTOg6jZEhK",
          "checksum": "505bd47476b47f352406d41aec907724"
        },
        {
          "type": "icon",
          "assetId": "JA5h_JY8O3lr",
          "checksum": "b04fe1c819b94f7b4cb812b5847591d4"
        },
        {
          "type": "icon",
          "assetId": "ABwvUbBMtZqM",
          "checksum": "e5803b298ce09343641f51dec80527a6"
        },
        {
          "type": "icon",
          "assetId": "dXgXrJG5lp3Z",
          "checksum": "8e0343564f8291653ba258898bd9ff57"
        },
        {
          "type": "icon",
          "assetId": "GsNTpj4MVEyT",
          "checksum": "a3e475fdb6cd316bc2166caf501cc8eb"
        },
        {
          "type": "icon",
          "assetId": "8w6sGTNqgCIT",
          "checksum": "142fb9352524e245cc24727026fcc615"
        },
        {
          "type": "icon",
          "assetId": "zysQdYkJVHU8",
          "checksum": "2e4e6ea915077717ca13bdf4e5202a00"
        },
        {
          "type": "icon",
          "assetId": "4zbbkzrJgNDT",
          "checksum": "54c65d352dda33c4fccbc3074942a301"
        },
        {
          "type": "icon",
          "assetId": "xewoHrXR5FKt",
          "checksum": "ab3ad7edfbeb759550760f1e4155ef9d"
        },
        {
          "type": "icon",
          "assetId": "fVgtzBDXjiS5",
          "checksum": "975844f81ae64521c718c98f16ac790f"
        },
        {
          "type": "icon",
          "assetId": "1qjvhhEmM64X",
          "checksum": "5fff15b3e7b0d4f5cc97bc7acca4a95a"
        },
        {
          "type": "icon",
          "assetId": "w-6fhMSwiFWW",
          "checksum": "10f213c5e905e4fa44c852f291941e36"
        },
        {
          "type": "icon",
          "assetId": "fgZ7Egzk3oz_",
          "checksum": "9bd8ba64a68d33c2ced0a05b70f6d3b5"
        },
        {
          "type": "icon",
          "assetId": "L7zh2uJLRuwn",
          "checksum": "69a82b56667bf912ad8bd5ca3a84b462"
        },
        {
          "type": "icon",
          "assetId": "aoPueH94YLGd",
          "checksum": "0a826d79a63dd01840b1f87db8e4fde5"
        },
        {
          "type": "icon",
          "assetId": "VGmGx9vJ5BFt",
          "checksum": "f94b1cf8ac6c607aa4279eaa3cf1d632"
        },
        {
          "type": "icon",
          "assetId": "H4kDPOF3z7xX",
          "checksum": "9b21fdad22ed8c52d6fd3bca456efd09"
        },
        {
          "type": "icon",
          "assetId": "f1hgArxzFzWU",
          "checksum": "f5ff9ae5c2c1200fced0d4cbbc802535"
        },
        {
          "type": "icon",
          "assetId": "jcZ84VACrq9M",
          "checksum": "382caafd6fb6900297c55925e378fe33"
        },
        {
          "type": "icon",
          "assetId": "E6ROkR3UQ7U7",
          "checksum": "434818895cacdb9ed076f632720cfa99"
        },
        {
          "type": "icon",
          "assetId": "NhZbS6KH21R1",
          "checksum": "4fac364212e455437bc727fba6eb4ef6"
        },
        {
          "type": "icon",
          "assetId": "7-ns4gwQ4ddc",
          "checksum": "d6c554d33ea21822e70adbd4d93a0768"
        },
        {
          "type": "icon",
          "assetId": "Hvik5XcgexJ0",
          "checksum": "17066a76c6eb0cd551dc46574336469c"
        },
        {
          "type": "icon",
          "assetId": "h5M7LXWjjZ9S",
          "checksum": "81c73849eabc6f54028ebc4f74fe14f8"
        },
        {
          "type": "icon",
          "assetId": "4JXM96MZFGZn",
          "checksum": "77c120359c1666dea4710595b4cdb5ac"
        },
        {
          "type": "icon",
          "assetId": "o5fEPeaAf9nA",
          "checksum": "17a03433bf77286d2ab48fedf296a03e"
        },
        {
          "type": "image",
          "assetId": "hqjUGwrCLo_F",
          "checksum": "228f90e2d2104431b45f7474d837dbb2"
        },
        {
          "type": "image",
          "assetId": "_xqcFLNqCQYV",
          "checksum": "ccbc2af1eb48f03e2348c3040d56db61"
        },
        {
          "type": "image",
          "assetId": "Qq6xyC3yDxOD",
          "checksum": "1c2f68c927946fa20485de7a39d43d4b"
        },
        {
          "type": "image",
          "assetId": "LxR4fzzTQFZl",
          "checksum": "82d72c48657b35cce7d61a01bbce4e9a"
        },
        {
          "type": "image",
          "assetId": "Sf8KEyPDNL61",
          "checksum": "80a6a093747da423f35bb79e1410c77b"
        },
        {
          "type": "image",
          "assetId": "SjXCbAiNAqmc",
          "checksum": "6740efe1f679504215e25e7acf98c0ef"
        },
        {
          "type": "image",
          "assetId": "t1gu7fEeVLXk",
          "checksum": "587869d46007d6400316b6d524067a86"
        },
        {
          "type": "image",
          "assetId": "kz6jV0p46jAX",
          "checksum": "c2e9c736184faf6564d2b4698c3194ac"
        },
        {
          "type": "image",
          "assetId": "oaJv32qtyKOK",
          "checksum": "03cc3c0c51270ddf48d1541e89657278"
        },
        {
          "type": "image",
          "assetId": "-YqnWpN3arjX",
          "checksum": "f8bec66ceb01eb7bfc39b6c56e22b337"
        },
        {
          "type": "image",
          "assetId": "siA_55cpZ5GO",
          "checksum": "884981afbc323cf2fa6e734df85f6d3d"
        },
        {
          "type": "image",
          "assetId": "WLtXGVGH4G9v",
          "checksum": "dd1d4f3a43869934cc7ca12adae490f7"
        },
        {
          "type": "image",
          "assetId": "f_CAXDC38TO9",
          "checksum": "8fa2ae0e72e6d14b571697319e03895e"
        },
        {
          "type": "image",
          "assetId": "RovEw7OY80by",
          "checksum": "f344d3f1fefe6145455c8cdf2523b382"
        },
        {
          "type": "image",
          "assetId": "Sao7cx8SVxwk",
          "checksum": "af561061c588af4426e6418f3f2d921d"
        },
        {
          "type": "image",
          "assetId": "iCkX4leaiQif",
          "checksum": "9572485a92ce1b3702c374c30e1429f7"
        },
        {
          "type": "image",
          "assetId": "B0S55SkszVel",
          "checksum": "d043d5a2259b90a32ad6c2fe9d6d2756"
        },
        {
          "type": "image",
          "assetId": "tJlJ5H8aEYEA",
          "checksum": "b0a5016938ab6818bfa1645b4651a219"
        },
        {
          "type": "image",
          "assetId": "cr2f64hBNhhx",
          "checksum": "49e20bc7972a44b1d8645d00df737751"
        },
        {
          "type": "image",
          "assetId": "m9VZ0pprhd7A",
          "checksum": "5597c95fa1485d1ce1c9dcf606d24928"
        },
        {
          "type": "image",
          "assetId": "wxWZndzElyv2",
          "checksum": "0341139268086d383476efab2ff2c0b3"
        },
        {
          "type": "image",
          "assetId": "6N19HLypFWjw",
          "checksum": "94fddbe658936a097f6bee0777b8f664"
        },
        {
          "type": "icon",
          "assetId": "C6JXzIwoE8dX",
          "checksum": "99b0a1e383f5c0024385ac1bd26a8d06"
        },
        {
          "type": "icon",
          "assetId": "Wld47LicVqDV",
          "checksum": "40947b2fe102c43c376cec8613feb817"
        },
        {
          "type": "icon",
          "assetId": "FrIpHYscyQGN",
          "checksum": "34070ad3cbf727c610ca8650e8b79f86"
        },
        {
          "type": "icon",
          "assetId": "BzJvQ-Ivkti9",
          "checksum": "a56d065c73f33f3489e0e6b13b65422a"
        },
        {
          "type": "image",
          "assetId": "MGFUpk6fVkzN",
          "checksum": "1b101d058e6365e9c23385d75b1fbe93"
        },
        {
          "type": "image",
          "assetId": "0No9WMWjAylF",
          "checksum": "d00bccbbb9aa0b268d6ec17f6361e9e5"
        },
        {
          "type": "icon",
          "assetId": "aU_d9Ch-rBVW",
          "checksum": "4f3ab653314488fbdc0c5ae3900ecd5d"
        },
        {
          "type": "icon",
          "assetId": "DDtlhnj6MIF5",
          "checksum": "45668950ac2d2d95c478a914051cc61f"
        },
        {
          "type": "icon",
          "assetId": "bISqj4Aubh8D",
          "checksum": "49f21b2cd407d3211ea892a0e3333caa"
        },
        {
          "type": "renderModule",
          "assetId": "1I6GUqmRCbqW",
          "checksum": "88a8facba7890ccdb59b3285fc84462b"
        },
        {
          "type": "cssRules",
          "assetId": "1I6GUqmRCbqW",
          "checksum": "88a8facba7890ccdb59b3285fc84462b"
        },
        {
          "type": "icon",
          "assetId": "HENWQVholJGX",
          "checksum": "29bac6e7cf6bdc2ae25cd4df52711e22"
        },
        {
          "type": "icon",
          "assetId": "33CxUtuIdK2p",
          "checksum": "430b5173973d8ee09847c53f26cfe486"
        },
        {
          "type": "icon",
          "assetId": "AbdW4zXLIAYD",
          "checksum": "e2faaa333d7bb0a3b8a89af5f0e0b76f"
        },
        {
          "type": "icon",
          "assetId": "9kOh69ICiFe8",
          "checksum": "beb8e33596852f2761442291f569c6df"
        },
        {
          "type": "image",
          "assetId": "RxfYEuYR2gdF",
          "checksum": "e654e30de885b88402579a9f08d90920"
        },
        {
          "type": "image",
          "assetId": "TqH0E03-y1RQ",
          "checksum": "a325f3135614ec2a1764d963d43e2b26"
        },
        {
          "type": "image",
          "assetId": "kZRAOZKelDd6",
          "checksum": "12822ace05810aa3b0057538c07a266b"
        },
        {
          "type": "image",
          "assetId": "UhOb1ATfIt5f",
          "checksum": "c67dd567d1d48eaf449466b3678b53d2"
        },
        {
          "type": "image",
          "assetId": "vMmE3b0RGnAB",
          "checksum": "e3cc138269d1af00b26422529e49a5c2"
        },
        {
          "type": "image",
          "assetId": "0X0EjenhYstr",
          "checksum": "ed845ca34a568d1eed35caa405db300f"
        },
        {
          "type": "image",
          "assetId": "3kVNlOCtOqXz",
          "checksum": "81ce81fead46ca21477dc8a6f4e6e958"
        },
        {
          "type": "image",
          "assetId": "Sq_8w1lGXAA1",
          "checksum": "d12a69ebd58cba9cd534f07b040a2b52"
        },
        {
          "type": "icon",
          "assetId": "ruzJ-DuAxbGs",
          "checksum": "e546725e660d077b644611000f5c46bb"
        },
        {
          "type": "image",
          "assetId": "TyefqlqJVNPU",
          "checksum": "bc899cad6cace427a1c20a1890a9b9f3"
        },
        {
          "type": "icon",
          "assetId": "m7NcUd1l4JZ_",
          "checksum": "b0e6fdf32e77680fa554773f51b74087"
        },
        {
          "type": "icon",
          "assetId": "s8lYkLzhuTKQ",
          "checksum": "2cdf653079060bce197f5e757ab197e9"
        },
        {
          "type": "icon",
          "assetId": "8LsgFoT4INDz",
          "checksum": "b458fe3931cc7f5c56d908f6039b8d68"
        },
        {
          "type": "icon",
          "assetId": "1I8HdQaO9jIK",
          "checksum": "8885aa58809b877a876a30b9103fed63"
        },
        {
          "type": "icon",
          "assetId": "Zi-CDKu9gyKG",
          "checksum": "ecf83a31c44523e4fa7d342bf8e16bf2"
        },
        {
          "type": "icon",
          "assetId": "T5qnRYhm3_iD",
          "checksum": "70b7ff141db1d57389a68ad31653b189"
        },
        {
          "type": "icon",
          "assetId": "JYguj3uS6NKx",
          "checksum": "a6c05e0386e3996e5a3e2c84d1f88c5a"
        },
        {
          "type": "icon",
          "assetId": "JBVCC6KIJ2B6",
          "checksum": "cc89996bd84fd8355ba1789004b4ddbb"
        },
        {
          "type": "icon",
          "assetId": "6MrfqQhZviFG",
          "checksum": "3a566770da00581908d3f1b1e4bd155e"
        },
        {
          "type": "image",
          "assetId": "TlC4NneQ7ZYD",
          "checksum": "2b82bd1d6d6f5440ede56a09a16196cc"
        },
        {
          "type": "image",
          "assetId": "RoYImnJmYYrp",
          "checksum": "2c58c478697b851f8f432a048f284f38"
        },
        {
          "type": "image",
          "assetId": "MxZiaMbZgzkV",
          "checksum": "ce6bca835eec539969d7993e8d8c2b7f"
        },
        {
          "type": "image",
          "assetId": "JPA4nYQpAsgx",
          "checksum": "26c978881ca60c4c98aa9ed3a4214f73"
        },
        {
          "type": "image",
          "assetId": "V7oDRCN9qbUq",
          "checksum": "7b57134bb9371b86dac13c2e3c1524f9"
        },
        {
          "type": "image",
          "assetId": "ywPeg7E_m0rs",
          "checksum": "4b7446367d015f3c637a533734b33bf7"
        },
        {
          "type": "image",
          "assetId": "Gq7lM_BKJMXu",
          "checksum": "77b039d62ec4e67bff5c15c317c7be60"
        },
        {
          "type": "image",
          "assetId": "NYnQajLUF4Z4",
          "checksum": "7a603d7fe2be2de8243b49f310abc759"
        },
        {
          "type": "image",
          "assetId": "6e7kaXhlwwW-",
          "checksum": "07cd82590b4b2db687cf0f10b0ed4abf"
        },
        {
          "type": "renderModule",
          "assetId": "Laaw61fX6dv7",
          "checksum": "1aae522f92e5627c2f9fe98a7427de32"
        },
        {
          "type": "cssRules",
          "assetId": "Laaw61fX6dv7",
          "checksum": "1aae522f92e5627c2f9fe98a7427de32"
        },
        {
          "type": "icon",
          "assetId": "T1A4X0hM91Mx",
          "checksum": "e8b2d3fb253a0f7b85725fef1b2ef94e"
        },
        {
          "type": "icon",
          "assetId": "81FF9N5YxfxD",
          "checksum": "97c6dc41ec495a2de285287ad531966c"
        },
        {
          "type": "icon",
          "assetId": "flxpisepE8-C",
          "checksum": "d46ceb954e9ce2b72de2ac0376cc0412"
        },
        {
          "type": "icon",
          "assetId": "nmRZKCTHFfFp",
          "checksum": "338bdc05afb72a8a88567efde3a22f90"
        },
        {
          "type": "icon",
          "assetId": "rPH6lstZmeFB",
          "checksum": "b0798de2d966fe4d64eb6a139b4fb43b"
        },
        {
          "type": "icon",
          "assetId": "4DyVfhKQ1yWx",
          "checksum": "e8bd585d9717ef27a26ded6676918e01"
        },
        {
          "type": "icon",
          "assetId": "VlkT7-HK9Rrz",
          "checksum": "654e0f48d2dda80f8c4469a076652f17"
        },
        {
          "type": "icon",
          "assetId": "EofsOjX1TVGF",
          "checksum": "ccd06d916db9f753fba315411a98f17f"
        },
        {
          "type": "icon",
          "assetId": "cLJlMjIvXxjv",
          "checksum": "a57595231693aead829220470ac82cde"
        },
        {
          "type": "icon",
          "assetId": "fx4bXvKTaXWq",
          "checksum": "79c96b10a118a78c508174afb89cfcc3"
        },
        {
          "type": "icon",
          "assetId": "DTzpbJAxICns",
          "checksum": "04e4d2e58313155f8a9e9e9e7017095f"
        },
        {
          "type": "icon",
          "assetId": "xIbX7Tw9tm4b",
          "checksum": "08b0653da759e264f6c12363c6be7cd6"
        },
        {
          "type": "icon",
          "assetId": "ydKkg-AZBpFi",
          "checksum": "2fbd4b2a573d6f42c717faeddf222777"
        },
        {
          "type": "icon",
          "assetId": "x3OJQfNZRJRt",
          "checksum": "17268cd368315a9a1dce209cfd9c789c"
        },
        {
          "type": "renderModule",
          "assetId": "ZCvnmuylbYRk",
          "checksum": "b4f9ad0f0dba372538bb6231a92028e0"
        },
        {
          "type": "cssRules",
          "assetId": "ZCvnmuylbYRk",
          "checksum": "b4f9ad0f0dba372538bb6231a92028e0"
        },
        {
          "type": "icon",
          "assetId": "pYVCSSEZE7RE",
          "checksum": "42410773edaf9a4691b988a920bea67d"
        },
        {
          "type": "icon",
          "assetId": "CbXhIHUxIzPz",
          "checksum": "b1f68f22a49c44db23c10638cdc8f66c"
        },
        {
          "type": "image",
          "assetId": "cht_k6E97KTR",
          "checksum": "b399c99b0d664abb2be4a08b99efa5f9"
        },
        {
          "type": "renderModule",
          "assetId": "guZRqy1VG4VR",
          "checksum": "61c2d5d22db13ae57c416693799c3b20"
        },
        {
          "type": "cssRules",
          "assetId": "guZRqy1VG4VR",
          "checksum": "61c2d5d22db13ae57c416693799c3b20"
        },
        {
          "type": "image",
          "assetId": "0SI1e84W0MZs",
          "checksum": "598485159ef7c1077d76bfc1b9567fa3"
        },
        {
          "type": "image",
          "assetId": "_FIpLZK0DbFy",
          "checksum": "bc9f0061e33db8a1741bce2c5fe38885"
        },
        {
          "type": "icon",
          "assetId": "T9OBsfBXupjw",
          "checksum": "a43d481f42f6df36616938822d5fc2e1"
        },
        {
          "type": "icon",
          "assetId": "b6_fsTkPhz_-",
          "checksum": "49ef17f010a0ace0d8cf0df59dd0a07f"
        },
        {
          "type": "renderModule",
          "assetId": "pOaFejV3HuWO",
          "checksum": "8557664df58ea15958d5deb884981cb6"
        },
        {
          "type": "cssRules",
          "assetId": "pOaFejV3HuWO",
          "checksum": "8557664df58ea15958d5deb884981cb6"
        },
        {
          "assetId": "sZQMbqXz9utLNaTnNb3uss",
          "type": "projectCss",
          "checksum": "cee5dc660c5198d15dfc425c1eb3dae3"
        }
      ],
      "codegenVersion": "0.0.1"
    },
    {
      "projectId": "aEHVN5v6mfM4eovDsL8Z7d",
      "version": "0.4.0",
      "dependencies": {},
      "lang": "ts",
      "fileLocks": [
        {
          "assetId": "aEHVN5v6mfM4eovDsL8Z7d",
          "type": "projectCss",
          "checksum": "1c02168c6b23256606111fdfdbb63549"
        }
      ],
      "codegenVersion": "0.0.1"
    },
    {
      "projectId": "sqPBLwEBBKHA2WDuGb17eV",
      "version": "2.3.0",
      "dependencies": {},
      "lang": "ts",
      "fileLocks": [
        {
          "type": "renderModule",
          "assetId": "5nirPCGmCnRD",
          "checksum": "68085e068ca6b23be62b4a95ce376560"
        },
        {
          "type": "cssRules",
          "assetId": "5nirPCGmCnRD",
          "checksum": "68085e068ca6b23be62b4a95ce376560"
        },
        {
          "type": "icon",
          "assetId": "Wyt3GMMsLefj",
          "checksum": "d2b1886763aa016780501d0c22f50b5e"
        },
        {
          "type": "icon",
          "assetId": "MbDRsJU0e3bw",
          "checksum": "92672aa6935120ebaac11939d8d127bb"
        },
        {
          "assetId": "sqPBLwEBBKHA2WDuGb17eV",
          "type": "projectCss",
          "checksum": "1c02168c6b23256606111fdfdbb63549"
        }
      ],
      "codegenVersion": "0.0.1"
    },
    {
      "projectId": "hjKYmYi6HMwK6TRyk7ew5R",
      "version": "6.42.0",
      "dependencies": {},
      "lang": "ts",
      "fileLocks": [
        {
          "assetId": "hjKYmYi6HMwK6TRyk7ew5R",
          "checksum": "ce1c1c4c2068f2505d175a1b6e17d26a",
          "type": "globalContexts"
        },
        {
          "assetId": "hjKYmYi6HMwK6TRyk7ew5R",
          "type": "projectCss",
          "checksum": "8261c92e439d6a43426690ea3cba615f"
        }
      ],
      "codegenVersion": "0.0.1"
    },
    {
      "projectId": "cAAqA2dcbTMWwuLSmjs7ss",
      "version": "0.4.0",
      "dependencies": {},
      "lang": "ts",
      "fileLocks": [
        {
          "assetId": "cAAqA2dcbTMWwuLSmjs7ss",
          "type": "projectCss",
          "checksum": "1c02168c6b23256606111fdfdbb63549"
        }
      ],
      "codegenVersion": "0.0.1"
    }
  ],
  "cliVersion": "0.1.334"
}
