{
  "projects": [
    {
      "projectId": "r3ASNrnyvLLLAtDvzUioQ",
      "version": "4.8.0",
      "dependencies": {},
      "lang": "ts",
      "fileLocks": [
        {
          "assetId": "r3ASNrnyvLLLAtDvzUioQ",
          "type": "projectCss",
          "checksum": "1c02168c6b23256606111fdfdbb63549"
        }
      ],
      "codegenVersion": "0.0.1"
    },
    {
      "projectId": "caTPwKxj5ZrD9LQ7DMdK4Z",
      "version": "3.40.0",
      "dependencies": {},
      "lang": "ts",
      "fileLocks": [
        {
          "assetId": "caTPwKxj5ZrD9LQ7DMdK4Z",
          "type": "projectCss",
          "checksum": "1c02168c6b23256606111fdfdbb63549"
        }
      ],
      "codegenVersion": "0.0.1"
    },
    {
      "projectId": "xfguyo8p9zs8FxMdioQAoN",
      "version": "0.35.0",
      "dependencies": {},
      "lang": "ts",
      "fileLocks": [
        {
          "assetId": "xfguyo8p9zs8FxMdioQAoN",
          "checksum": "8d7960e265a25901c2f134a5ca161aff",
          "type": "globalContexts"
        },
        {
          "assetId": "xfguyo8p9zs8FxMdioQAoN",
          "type": "projectCss",
          "checksum": "f483b8fce4e6330cc3974d394cb233f8"
        }
      ],
      "codegenVersion": "0.0.1"
    },
    {
      "projectId": "a3pmZtcpA5asHkNtN3SGoF",
      "version": "0.4.0",
      "dependencies": {},
      "lang": "ts",
      "fileLocks": [
        {
          "assetId": "a3pmZtcpA5asHkNtN3SGoF",
          "type": "projectCss",
          "checksum": "1c02168c6b23256606111fdfdbb63549"
        }
      ],
      "codegenVersion": "0.0.1"
    },
    {
      "projectId": "gLnoj82AzKVVT7qXiqAbHD",
      "version": "2.14.0",
      "dependencies": {},
      "lang": "ts",
      "fileLocks": [
        {
          "type": "renderModule",
          "assetId": "lBHNzts6tFyj",
          "checksum": "245a58fc7b2227b194c2e374efeb7ec9"
        },
        {
          "type": "cssRules",
          "assetId": "lBHNzts6tFyj",
          "checksum": "245a58fc7b2227b194c2e374efeb7ec9"
        },
        {
          "type": "icon",
          "assetId": "zq2s7N0xWucT",
          "checksum": "7691da81b3fdb3bd85f62a09bf3c2cc7"
        },
        {
          "type": "icon",
          "assetId": "8K40faRNhuCj",
          "checksum": "4fedd32cd8730884585d804464a39318"
        },
        {
          "assetId": "gLnoj82AzKVVT7qXiqAbHD",
          "type": "projectCss",
          "checksum": "1c02168c6b23256606111fdfdbb63549"
        }
      ],
      "codegenVersion": "0.0.1"
    },
    {
      "projectId": "58GpZjZCWTaJ8AUhpCwt2K",
      "version": "3.28.0",
      "dependencies": {},
      "lang": "ts",
      "fileLocks": [
        {
          "assetId": "58GpZjZCWTaJ8AUhpCwt2K",
          "type": "projectCss",
          "checksum": "f0469e206244772473ab64f50be898f9"
        }
      ],
      "codegenVersion": "0.0.1"
    },
    {
      "projectId": "5dGW8Awro3qq8Hh5MveXLP",
      "version": "1.28.0",
      "dependencies": {},
      "lang": "ts",
      "fileLocks": [
        {
          "assetId": "5dGW8Awro3qq8Hh5MveXLP",
          "type": "projectCss",
          "checksum": "853dbe64f7ebbe0fdaa1ab72cf5b53e6"
        }
      ],
      "codegenVersion": "0.0.1"
    },
    {
      "projectId": "mqxdhm5p6WHAt7hW1mdcCX",
      "version": "0.4.0",
      "dependencies": {},
      "lang": "ts",
      "fileLocks": [
        {
          "assetId": "mqxdhm5p6WHAt7hW1mdcCX",
          "type": "projectCss",
          "checksum": "1c02168c6b23256606111fdfdbb63549"
        }
      ],
      "codegenVersion": "0.0.1"
    },
    {
      "projectId": "8PtdGodUbexNYgkuyBUcWu",
      "version": "3.27.0",
      "dependencies": {},
      "lang": "ts",
      "fileLocks": [
        {
          "assetId": "8PtdGodUbexNYgkuyBUcWu",
          "checksum": "34a063f27f0b27a7d1d344bc6b5252c5",
          "type": "globalContexts"
        },
        {
          "assetId": "8PtdGodUbexNYgkuyBUcWu",
          "type": "projectCss",
          "checksum": "9440f91b1e8169311ba244276a5922c3"
        }
      ],
      "codegenVersion": "0.0.1"
    },
    {
      "projectId": "28Ba3BDvRe7EiWdfFNnLB6",
      "version": "2.38.0",
      "dependencies": {},
      "lang": "ts",
      "fileLocks": [
        {
          "assetId": "28Ba3BDvRe7EiWdfFNnLB6",
          "type": "projectCss",
          "checksum": "1c02168c6b23256606111fdfdbb63549"
        }
      ],
      "codegenVersion": "0.0.1"
    },
    {
      "projectId": "YUiM7yqBWAqsh8KSnrdj7",
      "version": "0.33.0",
      "dependencies": {},
      "lang": "ts",
      "fileLocks": [
        {
          "assetId": "YUiM7yqBWAqsh8KSnrdj7",
          "type": "projectCss",
          "checksum": "21b499a9da4edbc2266c72c2ba127787"
        }
      ],
      "codegenVersion": "0.0.1"
    },
    {
      "projectId": "9Vr5YWkf3w7jj6SsTcCEta",
      "version": "0.13.0",
      "dependencies": {},
      "lang": "ts",
      "fileLocks": [
        {
          "assetId": "9Vr5YWkf3w7jj6SsTcCEta",
          "type": "projectCss",
          "checksum": "1c02168c6b23256606111fdfdbb63549"
        }
      ],
      "codegenVersion": "0.0.1"
    },
    {
      "projectId": "jkU633o1Cz7HrJdwdxhVHk",
      "version": "16.13.0",
      "dependencies": {},
      "lang": "ts",
      "fileLocks": [
        {
          "assetId": "jkU633o1Cz7HrJdwdxhVHk",
          "type": "projectCss",
          "checksum": "cf57d229ecea50678d9d8d3bc0e3dd9b"
        }
      ],
      "codegenVersion": "0.0.1"
    },
    {
      "projectId": "ohDidvG9XsCeFumugENU3J",
      "version": "6.29.0",
      "dependencies": {},
      "lang": "ts",
      "fileLocks": [
        {
          "assetId": "ohDidvG9XsCeFumugENU3J",
          "checksum": "de0a0e65174a6a185a8f822af51c6bdd",
          "type": "globalContexts"
        },
        {
          "assetId": "ohDidvG9XsCeFumugENU3J",
          "type": "projectCss",
          "checksum": "ba2a60a163fca4f4d510275088a2be53"
        }
      ],
      "codegenVersion": "0.0.1"
    },
    {
      "projectId": "sZQMbqXz9utLNaTnNb3uss",
      "version": "latest",
      "dependencies": {
        "ohDidvG9XsCeFumugENU3J": "6.29.0",
        "jkU633o1Cz7HrJdwdxhVHk": "16.13.0",
        "9Vr5YWkf3w7jj6SsTcCEta": "0.13.0",
        "YUiM7yqBWAqsh8KSnrdj7": "0.33.0",
        "28Ba3BDvRe7EiWdfFNnLB6": "2.38.0",
        "8PtdGodUbexNYgkuyBUcWu": "3.27.0",
        "mqxdhm5p6WHAt7hW1mdcCX": "0.4.0",
        "5dGW8Awro3qq8Hh5MveXLP": "1.28.0",
        "58GpZjZCWTaJ8AUhpCwt2K": "3.28.0",
        "gLnoj82AzKVVT7qXiqAbHD": "2.14.0",
        "a3pmZtcpA5asHkNtN3SGoF": "0.4.0",
        "xfguyo8p9zs8FxMdioQAoN": "0.35.0",
        "caTPwKxj5ZrD9LQ7DMdK4Z": "3.40.0",
        "r3ASNrnyvLLLAtDvzUioQ": "4.8.0",
        "aEHVN5v6mfM4eovDsL8Z7d": "0.4.0",
        "sqPBLwEBBKHA2WDuGb17eV": "2.4.0",
        "hjKYmYi6HMwK6TRyk7ew5R": "6.42.0",
        "cAAqA2dcbTMWwuLSmjs7ss": "0.4.0",
        "gmeH6XgPaBtkt51HunAo4g": "18.15.0"
      },
      "lang": "ts",
      "fileLocks": [
        {
          "type": "globalVariant",
          "assetId": "OSEvNkdp6ZT6",
          "checksum": "fbdd23144c28bba53728e36d0dcfe0b1"
        },
        {
          "type": "globalVariant",
          "assetId": "0yNpRAZ9BHRO",
          "checksum": "436f9c9f76f1cae1babafd40c38194eb"
        },
        {
          "type": "globalVariant",
          "assetId": "0yrtEc_Se3kZ",
          "checksum": "fb07917aa77f9e760c4c64155be6723e"
        },
        {
          "type": "globalVariant",
          "assetId": "N3RmGzhPpcNq",
          "checksum": "f8fc503ecf539933ddff536c28aa83cf"
        },
        {
          "assetId": "sZQMbqXz9utLNaTnNb3uss",
          "checksum": "35f6516f727a1f5073506f7eb3ab055b",
          "type": "globalContexts"
        },
        {
          "assetId": "sZQMbqXz9utLNaTnNb3uss",
          "checksum": "98f5fbf8fafb9056660acb021903cbc7",
          "type": "splitsProvider"
        },
        {
          "type": "renderModule",
          "assetId": "CKHzBo8fkmuJ",
          "checksum": "13e48e2862bee4e2d759b44dda001e23"
        },
        {
          "type": "cssRules",
          "assetId": "CKHzBo8fkmuJ",
          "checksum": "13e48e2862bee4e2d759b44dda001e23"
        },
        {
          "type": "renderModule",
          "assetId": "VIx710CCadyX",
          "checksum": "d0d2ec0c12e1361c57042b9a1575682a"
        },
        {
          "type": "cssRules",
          "assetId": "VIx710CCadyX",
          "checksum": "d0d2ec0c12e1361c57042b9a1575682a"
        },
        {
          "type": "renderModule",
          "assetId": "S_18qgrBezWv",
          "checksum": "3c036cd9b60059dda97ecfca090aa493"
        },
        {
          "type": "cssRules",
          "assetId": "S_18qgrBezWv",
          "checksum": "3c036cd9b60059dda97ecfca090aa493"
        },
        {
          "type": "renderModule",
          "assetId": "P11Qgi5w3RYj",
          "checksum": "7cd815ac81ce377deca8a1509b260c5d"
        },
        {
          "type": "cssRules",
          "assetId": "P11Qgi5w3RYj",
          "checksum": "7cd815ac81ce377deca8a1509b260c5d"
        },
        {
          "type": "renderModule",
          "assetId": "-Y88ffsHF_n0",
          "checksum": "5c9a3e931bd2e05d1181bb9c9b73b4f9"
        },
        {
          "type": "cssRules",
          "assetId": "-Y88ffsHF_n0",
          "checksum": "5c9a3e931bd2e05d1181bb9c9b73b4f9"
        },
        {
          "type": "renderModule",
          "assetId": "9ozBjyq1SCcU",
          "checksum": "4e6b84cb844d2d01e33be8207723d2a7"
        },
        {
          "type": "cssRules",
          "assetId": "9ozBjyq1SCcU",
          "checksum": "4e6b84cb844d2d01e33be8207723d2a7"
        },
        {
          "type": "renderModule",
          "assetId": "q2bx0G2f_uvE",
          "checksum": "fa9941eeea3aef1896137739350117d2"
        },
        {
          "type": "cssRules",
          "assetId": "q2bx0G2f_uvE",
          "checksum": "fa9941eeea3aef1896137739350117d2"
        },
        {
          "type": "renderModule",
          "assetId": "9fjf9pOh_9qT",
          "checksum": "63fe6290272f3f92a08f36840b63ad6d"
        },
        {
          "type": "cssRules",
          "assetId": "9fjf9pOh_9qT",
          "checksum": "63fe6290272f3f92a08f36840b63ad6d"
        },
        {
          "type": "renderModule",
          "assetId": "IAxGKM4_bu7-",
          "checksum": "bd0ea5598d045d89e7f17ee4447096db"
        },
        {
          "type": "cssRules",
          "assetId": "IAxGKM4_bu7-",
          "checksum": "bd0ea5598d045d89e7f17ee4447096db"
        },
        {
          "type": "renderModule",
          "assetId": "-3JBPQCG-aXv",
          "checksum": "87864c46f22c9800388d0c405e4ec484"
        },
        {
          "type": "cssRules",
          "assetId": "-3JBPQCG-aXv",
          "checksum": "87864c46f22c9800388d0c405e4ec484"
        },
        {
          "type": "renderModule",
          "assetId": "_5H7Xe2DiXqI",
          "checksum": "7621073ad675f08bd55f938d81b1189d"
        },
        {
          "type": "cssRules",
          "assetId": "_5H7Xe2DiXqI",
          "checksum": "7621073ad675f08bd55f938d81b1189d"
        },
        {
          "type": "renderModule",
          "assetId": "qWpAVLMh0kf6",
          "checksum": "17b92a26f10659e8856d142d24fdf5f7"
        },
        {
          "type": "cssRules",
          "assetId": "qWpAVLMh0kf6",
          "checksum": "17b92a26f10659e8856d142d24fdf5f7"
        },
        {
          "type": "renderModule",
          "assetId": "zrEzOXBZcn1e",
          "checksum": "83a39bd8bdaf65dbd231b8c662955969"
        },
        {
          "type": "cssRules",
          "assetId": "zrEzOXBZcn1e",
          "checksum": "83a39bd8bdaf65dbd231b8c662955969"
        },
        {
          "type": "renderModule",
          "assetId": "Ic-wT0cLUqQN",
          "checksum": "46f8f734a94b3e4aa125fb4744dc3dc5"
        },
        {
          "type": "cssRules",
          "assetId": "Ic-wT0cLUqQN",
          "checksum": "46f8f734a94b3e4aa125fb4744dc3dc5"
        },
        {
          "type": "renderModule",
          "assetId": "9xs0oaOWmddY",
          "checksum": "396e22bbc5e91986c22711a73e9c4751"
        },
        {
          "type": "cssRules",
          "assetId": "9xs0oaOWmddY",
          "checksum": "396e22bbc5e91986c22711a73e9c4751"
        },
        {
          "type": "renderModule",
          "assetId": "sK9gh25-ApmB",
          "checksum": "b1573cfe6a43b008048917f0fa056f6a"
        },
        {
          "type": "cssRules",
          "assetId": "sK9gh25-ApmB",
          "checksum": "b1573cfe6a43b008048917f0fa056f6a"
        },
        {
          "type": "renderModule",
          "assetId": "skA4mCHGCjr2",
          "checksum": "295efe0971f5e39a53e049e952574668"
        },
        {
          "type": "cssRules",
          "assetId": "skA4mCHGCjr2",
          "checksum": "295efe0971f5e39a53e049e952574668"
        },
        {
          "type": "renderModule",
          "assetId": "LvAnlioG5nBo",
          "checksum": "96621fe939fa7089836200b8ccb56ce4"
        },
        {
          "type": "cssRules",
          "assetId": "LvAnlioG5nBo",
          "checksum": "96621fe939fa7089836200b8ccb56ce4"
        },
        {
          "type": "renderModule",
          "assetId": "s31M1-QE2ye4",
          "checksum": "28f06d3d7078d8ac03b4c8036b2cd95d"
        },
        {
          "type": "cssRules",
          "assetId": "s31M1-QE2ye4",
          "checksum": "28f06d3d7078d8ac03b4c8036b2cd95d"
        },
        {
          "type": "renderModule",
          "assetId": "KdLckjkHArJ8",
          "checksum": "45570793c006ba81196fcb1a773fa59d"
        },
        {
          "type": "cssRules",
          "assetId": "KdLckjkHArJ8",
          "checksum": "45570793c006ba81196fcb1a773fa59d"
        },
        {
          "type": "renderModule",
          "assetId": "_v6nB3wu5lfi",
          "checksum": "b79d0aba59a2842e955f1b3b674b6edc"
        },
        {
          "type": "cssRules",
          "assetId": "_v6nB3wu5lfi",
          "checksum": "b79d0aba59a2842e955f1b3b674b6edc"
        },
        {
          "type": "icon",
          "assetId": "jg6gpiNRWEQd",
          "checksum": "c22260743d215897fff284112b7aa39d"
        },
        {
          "type": "icon",
          "assetId": "kJGn19RWe05R",
          "checksum": "2a26052e846fe765c105cf1e6ee81fba"
        },
        {
          "type": "icon",
          "assetId": "TD3y-7Y5-XSe",
          "checksum": "0275101cab4e4a34bc0603e1bcff69da"
        },
        {
          "type": "icon",
          "assetId": "EsnxmYoYbiu1",
          "checksum": "15e45c6cc0e621e3d564d0945f536df0"
        },
        {
          "type": "icon",
          "assetId": "a_nZSrhqGoET",
          "checksum": "5adba285f1265321b1b44e73e15e54cc"
        },
        {
          "type": "icon",
          "assetId": "i4UpNybEy7gt",
          "checksum": "f4d53032ded0eeb9668a096af6e5ddf0"
        },
        {
          "type": "icon",
          "assetId": "MLy24KjhFbfA",
          "checksum": "0975eaf5a4b458044cc788bd691dec74"
        },
        {
          "type": "icon",
          "assetId": "GXaBnyf-6uke",
          "checksum": "21420ff482f3ca7ed09b790257db40c5"
        },
        {
          "type": "icon",
          "assetId": "82yFz4S2xECx",
          "checksum": "f76bcc16b29dffd396e03f77de7b3af4"
        },
        {
          "type": "icon",
          "assetId": "Hja4ZSVICbex",
          "checksum": "03b4b81b394a8bb14ccfc3ecd5ea6e36"
        },
        {
          "type": "icon",
          "assetId": "TL8CG-g8PdH5",
          "checksum": "78da544f352460c8a2a2964f6e593515"
        },
        {
          "type": "icon",
          "assetId": "S4C3K3vO_KbJ",
          "checksum": "f629a68dfa65c58bfb73b9cc1afcd10f"
        },
        {
          "type": "icon",
          "assetId": "Rk2K0oeRTS5a",
          "checksum": "19719aec54821d53861a589899ef8d17"
        },
        {
          "type": "icon",
          "assetId": "LNmML4UO8Edb",
          "checksum": "1ac86e443cf012c96ec3da004ba0187e"
        },
        {
          "type": "icon",
          "assetId": "PKDhRR5tO_9t",
          "checksum": "4aa42e59774e2fc4b16bc2a9b28099c7"
        },
        {
          "type": "icon",
          "assetId": "txDOSA20FGud",
          "checksum": "1a53885e3d3b569a043e898c0f7021b2"
        },
        {
          "type": "icon",
          "assetId": "3lQ_sc0p8wap",
          "checksum": "fea4038559f932390087ad63cb218714"
        },
        {
          "type": "icon",
          "assetId": "dwSCO2AnQ3_H",
          "checksum": "bd51c584e48870e0b8aa19c6ccbd7be4"
        },
        {
          "type": "icon",
          "assetId": "Z9HHiQPH0oqg",
          "checksum": "237c775a7aa9728153b086d42a18ff5d"
        },
        {
          "type": "icon",
          "assetId": "2ZGMQ6p5yCvZ",
          "checksum": "221ef21f5008feeb31bd99b64d23d15a"
        },
        {
          "type": "icon",
          "assetId": "GsFYrYWA9bY1",
          "checksum": "6d6637ac98584eaa3ee264259300191b"
        },
        {
          "type": "icon",
          "assetId": "DuoBqJ29N7bW",
          "checksum": "79e9bd636d0e9ccbf473348d17ad7ef0"
        },
        {
          "type": "icon",
          "assetId": "T8YZBqDbfTTx",
          "checksum": "3b3d0fdaebecca373b3ab8e0eab1b62a"
        },
        {
          "type": "icon",
          "assetId": "RaWUYF04_7w6",
          "checksum": "0e8e751cdb701ba03ffb44c5d894e7e8"
        },
        {
          "type": "icon",
          "assetId": "IjMf3uJxQJJ4",
          "checksum": "4985d26160a3981937dc187181544afa"
        },
        {
          "type": "icon",
          "assetId": "MoTa8xfeOqLu",
          "checksum": "18499dbddbba91f756256db5fb807920"
        },
        {
          "type": "icon",
          "assetId": "HqsORJQlPqqt",
          "checksum": "7d332155244ce3cd4d99f96e833a4f18"
        },
        {
          "type": "icon",
          "assetId": "iLykSZUWUYn3",
          "checksum": "c6817d9f982c466e60d593299ef6a8b7"
        },
        {
          "type": "icon",
          "assetId": "b24i35B2UAjx",
          "checksum": "9ed983ebd5f22a9d6e834e0c9d6b10e5"
        },
        {
          "type": "icon",
          "assetId": "33nWwgtNXke6",
          "checksum": "5f8c2d2e92747fe8ae80df57770c24e6"
        },
        {
          "type": "icon",
          "assetId": "31sCRE7YiUW_",
          "checksum": "187137663d7dd6387bd6cdcaf13916f9"
        },
        {
          "type": "icon",
          "assetId": "VaWWUPVszuTF",
          "checksum": "67dce325ef3c0758e2fb74c849bb66e2"
        },
        {
          "type": "icon",
          "assetId": "51hz8qmjnijI",
          "checksum": "682044e21ca31af4ef7e67cc651136fc"
        },
        {
          "type": "icon",
          "assetId": "XqFJUGsoKZel",
          "checksum": "b54be9762b2480e1676a0464e2c039a9"
        },
        {
          "type": "icon",
          "assetId": "3nXrgMVaV7TW",
          "checksum": "87fbba4a84841cbba220fd568db4bc84"
        },
        {
          "type": "icon",
          "assetId": "e-r3yGpdLqXV",
          "checksum": "89f17de92c3910711c045b8069b4e697"
        },
        {
          "type": "icon",
          "assetId": "2gDXBd-n767i",
          "checksum": "a13566e6a4a8c1fade40957e7a33926a"
        },
        {
          "type": "icon",
          "assetId": "9-iJA78OeHS3",
          "checksum": "8ca1a68e7282b773b9caaf64dbb416b4"
        },
        {
          "type": "icon",
          "assetId": "rHsCo4d-hWmk",
          "checksum": "57bf2832b4119ae6873894c8284a922a"
        },
        {
          "type": "icon",
          "assetId": "sTo7uTpsi2Y4",
          "checksum": "718582c988ba8f7cfbbd00ab6396ebb4"
        },
        {
          "type": "icon",
          "assetId": "OQAWETC3rCV5",
          "checksum": "a29d443023cc052a5f3a8960907ee8a9"
        },
        {
          "type": "icon",
          "assetId": "zAKTOg6jZEhK",
          "checksum": "505bd47476b47f352406d41aec907724"
        },
        {
          "type": "icon",
          "assetId": "JA5h_JY8O3lr",
          "checksum": "b04fe1c819b94f7b4cb812b5847591d4"
        },
        {
          "type": "icon",
          "assetId": "ABwvUbBMtZqM",
          "checksum": "e5803b298ce09343641f51dec80527a6"
        },
        {
          "type": "icon",
          "assetId": "dXgXrJG5lp3Z",
          "checksum": "8e0343564f8291653ba258898bd9ff57"
        },
        {
          "type": "icon",
          "assetId": "GsNTpj4MVEyT",
          "checksum": "a3e475fdb6cd316bc2166caf501cc8eb"
        },
        {
          "type": "icon",
          "assetId": "8w6sGTNqgCIT",
          "checksum": "142fb9352524e245cc24727026fcc615"
        },
        {
          "type": "icon",
          "assetId": "zysQdYkJVHU8",
          "checksum": "2e4e6ea915077717ca13bdf4e5202a00"
        },
        {
          "type": "icon",
          "assetId": "4zbbkzrJgNDT",
          "checksum": "54c65d352dda33c4fccbc3074942a301"
        },
        {
          "type": "icon",
          "assetId": "xewoHrXR5FKt",
          "checksum": "ab3ad7edfbeb759550760f1e4155ef9d"
        },
        {
          "type": "icon",
          "assetId": "fVgtzBDXjiS5",
          "checksum": "975844f81ae64521c718c98f16ac790f"
        },
        {
          "type": "icon",
          "assetId": "1qjvhhEmM64X",
          "checksum": "5fff15b3e7b0d4f5cc97bc7acca4a95a"
        },
        {
          "type": "icon",
          "assetId": "w-6fhMSwiFWW",
          "checksum": "10f213c5e905e4fa44c852f291941e36"
        },
        {
          "type": "icon",
          "assetId": "fgZ7Egzk3oz_",
          "checksum": "9bd8ba64a68d33c2ced0a05b70f6d3b5"
        },
        {
          "type": "icon",
          "assetId": "L7zh2uJLRuwn",
          "checksum": "69a82b56667bf912ad8bd5ca3a84b462"
        },
        {
          "type": "icon",
          "assetId": "aoPueH94YLGd",
          "checksum": "0a826d79a63dd01840b1f87db8e4fde5"
        },
        {
          "type": "icon",
          "assetId": "VGmGx9vJ5BFt",
          "checksum": "f94b1cf8ac6c607aa4279eaa3cf1d632"
        },
        {
          "type": "icon",
          "assetId": "H4kDPOF3z7xX",
          "checksum": "9b21fdad22ed8c52d6fd3bca456efd09"
        },
        {
          "type": "icon",
          "assetId": "f1hgArxzFzWU",
          "checksum": "f5ff9ae5c2c1200fced0d4cbbc802535"
        },
        {
          "type": "icon",
          "assetId": "jcZ84VACrq9M",
          "checksum": "382caafd6fb6900297c55925e378fe33"
        },
        {
          "type": "icon",
          "assetId": "E6ROkR3UQ7U7",
          "checksum": "434818895cacdb9ed076f632720cfa99"
        },
        {
          "type": "icon",
          "assetId": "NhZbS6KH21R1",
          "checksum": "4fac364212e455437bc727fba6eb4ef6"
        },
        {
          "type": "icon",
          "assetId": "7-ns4gwQ4ddc",
          "checksum": "d6c554d33ea21822e70adbd4d93a0768"
        },
        {
          "type": "icon",
          "assetId": "Hvik5XcgexJ0",
          "checksum": "17066a76c6eb0cd551dc46574336469c"
        },
        {
          "type": "icon",
          "assetId": "h5M7LXWjjZ9S",
          "checksum": "81c73849eabc6f54028ebc4f74fe14f8"
        },
        {
          "type": "icon",
          "assetId": "4JXM96MZFGZn",
          "checksum": "77c120359c1666dea4710595b4cdb5ac"
        },
        {
          "type": "icon",
          "assetId": "o5fEPeaAf9nA",
          "checksum": "17a03433bf77286d2ab48fedf296a03e"
        },
        {
          "type": "image",
          "assetId": "hqjUGwrCLo_F",
          "checksum": "228f90e2d2104431b45f7474d837dbb2"
        },
        {
          "type": "image",
          "assetId": "_xqcFLNqCQYV",
          "checksum": "ccbc2af1eb48f03e2348c3040d56db61"
        },
        {
          "type": "image",
          "assetId": "Qq6xyC3yDxOD",
          "checksum": "1c2f68c927946fa20485de7a39d43d4b"
        },
        {
          "type": "image",
          "assetId": "LxR4fzzTQFZl",
          "checksum": "82d72c48657b35cce7d61a01bbce4e9a"
        },
        {
          "type": "image",
          "assetId": "Sf8KEyPDNL61",
          "checksum": "80a6a093747da423f35bb79e1410c77b"
        },
        {
          "type": "image",
          "assetId": "SjXCbAiNAqmc",
          "checksum": "6740efe1f679504215e25e7acf98c0ef"
        },
        {
          "type": "image",
          "assetId": "t1gu7fEeVLXk",
          "checksum": "587869d46007d6400316b6d524067a86"
        },
        {
          "type": "image",
          "assetId": "kz6jV0p46jAX",
          "checksum": "c2e9c736184faf6564d2b4698c3194ac"
        },
        {
          "type": "image",
          "assetId": "oaJv32qtyKOK",
          "checksum": "03cc3c0c51270ddf48d1541e89657278"
        },
        {
          "type": "image",
          "assetId": "-YqnWpN3arjX",
          "checksum": "f8bec66ceb01eb7bfc39b6c56e22b337"
        },
        {
          "type": "image",
          "assetId": "siA_55cpZ5GO",
          "checksum": "884981afbc323cf2fa6e734df85f6d3d"
        },
        {
          "type": "image",
          "assetId": "WLtXGVGH4G9v",
          "checksum": "dd1d4f3a43869934cc7ca12adae490f7"
        },
        {
          "type": "image",
          "assetId": "f_CAXDC38TO9",
          "checksum": "8fa2ae0e72e6d14b571697319e03895e"
        },
        {
          "type": "image",
          "assetId": "RovEw7OY80by",
          "checksum": "f344d3f1fefe6145455c8cdf2523b382"
        },
        {
          "type": "image",
          "assetId": "Sao7cx8SVxwk",
          "checksum": "af561061c588af4426e6418f3f2d921d"
        },
        {
          "type": "image",
          "assetId": "iCkX4leaiQif",
          "checksum": "9572485a92ce1b3702c374c30e1429f7"
        },
        {
          "type": "image",
          "assetId": "B0S55SkszVel",
          "checksum": "d043d5a2259b90a32ad6c2fe9d6d2756"
        },
        {
          "type": "image",
          "assetId": "tJlJ5H8aEYEA",
          "checksum": "b0a5016938ab6818bfa1645b4651a219"
        },
        {
          "type": "image",
          "assetId": "cr2f64hBNhhx",
          "checksum": "49e20bc7972a44b1d8645d00df737751"
        },
        {
          "type": "image",
          "assetId": "m9VZ0pprhd7A",
          "checksum": "5597c95fa1485d1ce1c9dcf606d24928"
        },
        {
          "type": "image",
          "assetId": "wxWZndzElyv2",
          "checksum": "0341139268086d383476efab2ff2c0b3"
        },
        {
          "type": "image",
          "assetId": "6N19HLypFWjw",
          "checksum": "94fddbe658936a097f6bee0777b8f664"
        },
        {
          "type": "icon",
          "assetId": "C6JXzIwoE8dX",
          "checksum": "99b0a1e383f5c0024385ac1bd26a8d06"
        },
        {
          "type": "icon",
          "assetId": "Wld47LicVqDV",
          "checksum": "40947b2fe102c43c376cec8613feb817"
        },
        {
          "type": "icon",
          "assetId": "FrIpHYscyQGN",
          "checksum": "34070ad3cbf727c610ca8650e8b79f86"
        },
        {
          "type": "icon",
          "assetId": "BzJvQ-Ivkti9",
          "checksum": "a56d065c73f33f3489e0e6b13b65422a"
        },
        {
          "type": "image",
          "assetId": "MGFUpk6fVkzN",
          "checksum": "1b101d058e6365e9c23385d75b1fbe93"
        },
        {
          "type": "image",
          "assetId": "0No9WMWjAylF",
          "checksum": "d00bccbbb9aa0b268d6ec17f6361e9e5"
        },
        {
          "type": "icon",
          "assetId": "aU_d9Ch-rBVW",
          "checksum": "4f3ab653314488fbdc0c5ae3900ecd5d"
        },
        {
          "type": "icon",
          "assetId": "DDtlhnj6MIF5",
          "checksum": "45668950ac2d2d95c478a914051cc61f"
        },
        {
          "type": "icon",
          "assetId": "bISqj4Aubh8D",
          "checksum": "49f21b2cd407d3211ea892a0e3333caa"
        },
        {
          "type": "renderModule",
          "assetId": "1I6GUqmRCbqW",
          "checksum": "328ddd6ac4fd49c055416c8f8f032d89"
        },
        {
          "type": "cssRules",
          "assetId": "1I6GUqmRCbqW",
          "checksum": "328ddd6ac4fd49c055416c8f8f032d89"
        },
        {
          "type": "icon",
          "assetId": "HENWQVholJGX",
          "checksum": "29bac6e7cf6bdc2ae25cd4df52711e22"
        },
        {
          "type": "icon",
          "assetId": "33CxUtuIdK2p",
          "checksum": "430b5173973d8ee09847c53f26cfe486"
        },
        {
          "type": "icon",
          "assetId": "AbdW4zXLIAYD",
          "checksum": "e2faaa333d7bb0a3b8a89af5f0e0b76f"
        },
        {
          "type": "icon",
          "assetId": "9kOh69ICiFe8",
          "checksum": "beb8e33596852f2761442291f569c6df"
        },
        {
          "type": "image",
          "assetId": "RxfYEuYR2gdF",
          "checksum": "e654e30de885b88402579a9f08d90920"
        },
        {
          "type": "image",
          "assetId": "TqH0E03-y1RQ",
          "checksum": "a325f3135614ec2a1764d963d43e2b26"
        },
        {
          "type": "image",
          "assetId": "kZRAOZKelDd6",
          "checksum": "12822ace05810aa3b0057538c07a266b"
        },
        {
          "type": "image",
          "assetId": "UhOb1ATfIt5f",
          "checksum": "c67dd567d1d48eaf449466b3678b53d2"
        },
        {
          "type": "image",
          "assetId": "vMmE3b0RGnAB",
          "checksum": "e3cc138269d1af00b26422529e49a5c2"
        },
        {
          "type": "image",
          "assetId": "0X0EjenhYstr",
          "checksum": "ed845ca34a568d1eed35caa405db300f"
        },
        {
          "type": "image",
          "assetId": "3kVNlOCtOqXz",
          "checksum": "81ce81fead46ca21477dc8a6f4e6e958"
        },
        {
          "type": "image",
          "assetId": "Sq_8w1lGXAA1",
          "checksum": "d12a69ebd58cba9cd534f07b040a2b52"
        },
        {
          "type": "icon",
          "assetId": "ruzJ-DuAxbGs",
          "checksum": "e546725e660d077b644611000f5c46bb"
        },
        {
          "type": "image",
          "assetId": "TyefqlqJVNPU",
          "checksum": "bc899cad6cace427a1c20a1890a9b9f3"
        },
        {
          "type": "icon",
          "assetId": "m7NcUd1l4JZ_",
          "checksum": "b0e6fdf32e77680fa554773f51b74087"
        },
        {
          "type": "icon",
          "assetId": "s8lYkLzhuTKQ",
          "checksum": "2cdf653079060bce197f5e757ab197e9"
        },
        {
          "type": "icon",
          "assetId": "8LsgFoT4INDz",
          "checksum": "b458fe3931cc7f5c56d908f6039b8d68"
        },
        {
          "type": "icon",
          "assetId": "1I8HdQaO9jIK",
          "checksum": "8885aa58809b877a876a30b9103fed63"
        },
        {
          "type": "icon",
          "assetId": "Zi-CDKu9gyKG",
          "checksum": "ecf83a31c44523e4fa7d342bf8e16bf2"
        },
        {
          "type": "icon",
          "assetId": "T5qnRYhm3_iD",
          "checksum": "70b7ff141db1d57389a68ad31653b189"
        },
        {
          "type": "icon",
          "assetId": "JYguj3uS6NKx",
          "checksum": "a6c05e0386e3996e5a3e2c84d1f88c5a"
        },
        {
          "type": "icon",
          "assetId": "JBVCC6KIJ2B6",
          "checksum": "cc89996bd84fd8355ba1789004b4ddbb"
        },
        {
          "type": "icon",
          "assetId": "6MrfqQhZviFG",
          "checksum": "3a566770da00581908d3f1b1e4bd155e"
        },
        {
          "type": "image",
          "assetId": "TlC4NneQ7ZYD",
          "checksum": "2b82bd1d6d6f5440ede56a09a16196cc"
        },
        {
          "type": "image",
          "assetId": "RoYImnJmYYrp",
          "checksum": "2c58c478697b851f8f432a048f284f38"
        },
        {
          "type": "image",
          "assetId": "MxZiaMbZgzkV",
          "checksum": "ce6bca835eec539969d7993e8d8c2b7f"
        },
        {
          "type": "image",
          "assetId": "JPA4nYQpAsgx",
          "checksum": "26c978881ca60c4c98aa9ed3a4214f73"
        },
        {
          "type": "image",
          "assetId": "V7oDRCN9qbUq",
          "checksum": "7b57134bb9371b86dac13c2e3c1524f9"
        },
        {
          "type": "image",
          "assetId": "ywPeg7E_m0rs",
          "checksum": "4b7446367d015f3c637a533734b33bf7"
        },
        {
          "type": "image",
          "assetId": "Gq7lM_BKJMXu",
          "checksum": "77b039d62ec4e67bff5c15c317c7be60"
        },
        {
          "type": "image",
          "assetId": "NYnQajLUF4Z4",
          "checksum": "7a603d7fe2be2de8243b49f310abc759"
        },
        {
          "type": "image",
          "assetId": "6e7kaXhlwwW-",
          "checksum": "07cd82590b4b2db687cf0f10b0ed4abf"
        },
        {
          "type": "renderModule",
          "assetId": "Laaw61fX6dv7",
          "checksum": "e4fb91b2c9a43c5106752fa2c1e37693"
        },
        {
          "type": "cssRules",
          "assetId": "Laaw61fX6dv7",
          "checksum": "e4fb91b2c9a43c5106752fa2c1e37693"
        },
        {
          "type": "icon",
          "assetId": "T1A4X0hM91Mx",
          "checksum": "e8b2d3fb253a0f7b85725fef1b2ef94e"
        },
        {
          "type": "icon",
          "assetId": "81FF9N5YxfxD",
          "checksum": "97c6dc41ec495a2de285287ad531966c"
        },
        {
          "type": "icon",
          "assetId": "flxpisepE8-C",
          "checksum": "d46ceb954e9ce2b72de2ac0376cc0412"
        },
        {
          "type": "icon",
          "assetId": "nmRZKCTHFfFp",
          "checksum": "338bdc05afb72a8a88567efde3a22f90"
        },
        {
          "type": "icon",
          "assetId": "rPH6lstZmeFB",
          "checksum": "b0798de2d966fe4d64eb6a139b4fb43b"
        },
        {
          "type": "icon",
          "assetId": "4DyVfhKQ1yWx",
          "checksum": "e8bd585d9717ef27a26ded6676918e01"
        },
        {
          "type": "icon",
          "assetId": "VlkT7-HK9Rrz",
          "checksum": "654e0f48d2dda80f8c4469a076652f17"
        },
        {
          "type": "icon",
          "assetId": "EofsOjX1TVGF",
          "checksum": "ccd06d916db9f753fba315411a98f17f"
        },
        {
          "type": "icon",
          "assetId": "cLJlMjIvXxjv",
          "checksum": "a57595231693aead829220470ac82cde"
        },
        {
          "type": "icon",
          "assetId": "fx4bXvKTaXWq",
          "checksum": "79c96b10a118a78c508174afb89cfcc3"
        },
        {
          "type": "icon",
          "assetId": "DTzpbJAxICns",
          "checksum": "04e4d2e58313155f8a9e9e9e7017095f"
        },
        {
          "type": "icon",
          "assetId": "xIbX7Tw9tm4b",
          "checksum": "08b0653da759e264f6c12363c6be7cd6"
        },
        {
          "type": "icon",
          "assetId": "ydKkg-AZBpFi",
          "checksum": "2fbd4b2a573d6f42c717faeddf222777"
        },
        {
          "type": "icon",
          "assetId": "x3OJQfNZRJRt",
          "checksum": "17268cd368315a9a1dce209cfd9c789c"
        },
        {
          "type": "renderModule",
          "assetId": "ZCvnmuylbYRk",
          "checksum": "219ffc1b8b2e4f9ad73da47d361fd06c"
        },
        {
          "type": "cssRules",
          "assetId": "ZCvnmuylbYRk",
          "checksum": "219ffc1b8b2e4f9ad73da47d361fd06c"
        },
        {
          "type": "icon",
          "assetId": "pYVCSSEZE7RE",
          "checksum": "42410773edaf9a4691b988a920bea67d"
        },
        {
          "type": "icon",
          "assetId": "CbXhIHUxIzPz",
          "checksum": "b1f68f22a49c44db23c10638cdc8f66c"
        },
        {
          "type": "image",
          "assetId": "cht_k6E97KTR",
          "checksum": "b399c99b0d664abb2be4a08b99efa5f9"
        },
        {
          "type": "renderModule",
          "assetId": "guZRqy1VG4VR",
          "checksum": "2a1041fa19c8881a6c91d262bdcff198"
        },
        {
          "type": "cssRules",
          "assetId": "guZRqy1VG4VR",
          "checksum": "2a1041fa19c8881a6c91d262bdcff198"
        },
        {
          "type": "image",
          "assetId": "0SI1e84W0MZs",
          "checksum": "598485159ef7c1077d76bfc1b9567fa3"
        },
        {
          "type": "image",
          "assetId": "_FIpLZK0DbFy",
          "checksum": "bc9f0061e33db8a1741bce2c5fe38885"
        },
        {
          "type": "icon",
          "assetId": "T9OBsfBXupjw",
          "checksum": "a43d481f42f6df36616938822d5fc2e1"
        },
        {
          "type": "icon",
          "assetId": "b6_fsTkPhz_-",
          "checksum": "49ef17f010a0ace0d8cf0df59dd0a07f"
        },
        {
          "type": "renderModule",
          "assetId": "pOaFejV3HuWO",
          "checksum": "5e9f93bdf303615801b7929a7e4e7fe8"
        },
        {
          "type": "cssRules",
          "assetId": "pOaFejV3HuWO",
          "checksum": "5e9f93bdf303615801b7929a7e4e7fe8"
        },
        {
          "type": "icon",
          "assetId": "ZA1Z9BHjlyhi",
          "checksum": "9fc3eeea0f21e5e139c19040a38a37e1"
        },
        {
          "type": "icon",
          "assetId": "P52THJblgWka",
          "checksum": "d8f85ef6a6f0fb2c3d6dbf373d5fdf2e"
        },
        {
          "type": "image",
          "assetId": "_wuP0_lad7aM",
          "checksum": "c6bd02212bc53d641c571c37986f73ef"
        },
        {
          "type": "image",
          "assetId": "IER5zHFXiggT",
          "checksum": "9475e7c302feb9c730e2d4b3099ddb43"
        },
        {
          "type": "renderModule",
          "assetId": "LXo9RUqhmVGZ",
          "checksum": "cbdf2ac257e42561778635daf312e864"
        },
        {
          "type": "cssRules",
          "assetId": "LXo9RUqhmVGZ",
          "checksum": "cbdf2ac257e42561778635daf312e864"
        },
        {
          "type": "icon",
          "assetId": "6aKHa8qmDKOv",
          "checksum": "3bff7660fa4db8366602a5bec1872ef5"
        },
        {
          "type": "renderModule",
          "assetId": "N0cXbq2ZnpaG",
          "checksum": "6e01722ef7403bdaa36f69e3824d27ca"
        },
        {
          "type": "cssRules",
          "assetId": "N0cXbq2ZnpaG",
          "checksum": "6e01722ef7403bdaa36f69e3824d27ca"
        },
        {
          "type": "renderModule",
          "assetId": "eTfyX6LuWRzQ",
          "checksum": "1481bc66807b65213fbb81e844d26bd9"
        },
        {
          "type": "cssRules",
          "assetId": "eTfyX6LuWRzQ",
          "checksum": "1481bc66807b65213fbb81e844d26bd9"
        },
        {
          "type": "icon",
          "assetId": "MSt8-QZQaVAG",
          "checksum": "802d8906ba28a33fd48d152972b3f123"
        },
        {
          "type": "icon",
          "assetId": "ZVXDcND35NZY",
          "checksum": "39d71e30437bd5bce3fd876402e835d8"
        },
        {
          "type": "image",
          "assetId": "8zu-cN8zGPuP",
          "checksum": "8b93929f0fbdc4e666d6d57c811043a4"
        },
        {
          "type": "icon",
          "assetId": "HyZ9H0U3_RLQ",
          "checksum": "6a1a4770a8f5498f8717de9bde40f645"
        },
        {
          "type": "icon",
          "assetId": "3pIKdy4AyleH",
          "checksum": "b8a3975e96219ee2c66e3c8ba47ddc13"
        },
        {
          "type": "icon",
          "assetId": "ikcgDOFGXPOS",
          "checksum": "bb1b1c1a988e248fc4df392397e94952"
        },
        {
          "type": "icon",
          "assetId": "8LQnltq2G2pW",
          "checksum": "d9d11e51212ffae6cc35a333e9331321"
        },
        {
          "type": "icon",
          "assetId": "bzeBiBKMlpJN",
          "checksum": "8fd1dd2c4457c92e8e3601b2cb79752e"
        },
        {
          "type": "icon",
          "assetId": "4j3pGxLGyNho",
          "checksum": "86a253707715dd605a1da39dec88fb39"
        },
        {
          "type": "icon",
          "assetId": "PDvr5CaZHzSh",
          "checksum": "b2b3ba560a73e0a6b4893049b48e27fc"
        },
        {
          "type": "icon",
          "assetId": "0IzoCqJISrHt",
          "checksum": "825e3b577ed1a149f03a854f90900e6e"
        },
        {
          "type": "renderModule",
          "assetId": "jtwtirwKo1Bp",
          "checksum": "d60e1f4c563b355dc422d9b2be16863b"
        },
        {
          "type": "cssRules",
          "assetId": "jtwtirwKo1Bp",
          "checksum": "d60e1f4c563b355dc422d9b2be16863b"
        },
        {
          "type": "renderModule",
          "assetId": "Izx7HE7nypnF",
          "checksum": "d4c54753514419578535f9aeb6fa9b36"
        },
        {
          "type": "cssRules",
          "assetId": "Izx7HE7nypnF",
          "checksum": "d4c54753514419578535f9aeb6fa9b36"
        },
        {
          "type": "icon",
          "assetId": "I0oI14s4oqbt",
          "checksum": "90f06e0400da1fe1d10c10386d2608b6"
        },
        {
          "type": "icon",
          "assetId": "HJlsby8ZZt3B",
          "checksum": "a01caa5c430d7ac8f6dc9e0763469c9c"
        },
        {
          "type": "icon",
          "assetId": "IUYTI9O-WF22",
          "checksum": "fa3c77a150ea65b50e7a029dbf02a9cf"
        },
        {
          "type": "image",
          "assetId": "Qg9O4UlqJR_0",
          "checksum": "4f82887c0a204890a85b223839e9e3c1"
        },
        {
          "type": "image",
          "assetId": "40X-gweIHc36",
          "checksum": "b5d728638214cf9b77bf6df08c7adb7f"
        },
        {
          "type": "image",
          "assetId": "0reejGjmQu3s",
          "checksum": "9cc28c5d9dea79e1d178223682a45d29"
        },
        {
          "type": "renderModule",
          "assetId": "uj9U0aRqhjqk",
          "checksum": "0468e9e39b4db98c8aa768a95280d946"
        },
        {
          "type": "cssRules",
          "assetId": "uj9U0aRqhjqk",
          "checksum": "0468e9e39b4db98c8aa768a95280d946"
        },
        {
          "type": "icon",
          "assetId": "MlBQyepRtm17",
          "checksum": "59cbd0c7fc1d8c6d6ebdfb521b39168e"
        },
        {
          "type": "image",
          "assetId": "DyK7bEgWO0Nx",
          "checksum": "5d49c372842b4ef839ec1130d8e1f40b"
        },
        {
          "type": "renderModule",
          "assetId": "B7RWjbP8P1bE",
          "checksum": "e6fc645286d6e3471d11e3baf99e9798"
        },
        {
          "type": "cssRules",
          "assetId": "B7RWjbP8P1bE",
          "checksum": "e6fc645286d6e3471d11e3baf99e9798"
        },
        {
          "type": "renderModule",
          "assetId": "TD7BXkDTXaTo",
          "checksum": "96c07cc740dd50ed0fb097e523ea536b"
        },
        {
          "type": "cssRules",
          "assetId": "TD7BXkDTXaTo",
          "checksum": "96c07cc740dd50ed0fb097e523ea536b"
        },
        {
          "type": "renderModule",
          "assetId": "JIBGSgatSww7",
          "checksum": "d7aaa45a8115a8b61fa59bd6ce4e3545"
        },
        {
          "type": "cssRules",
          "assetId": "JIBGSgatSww7",
          "checksum": "d7aaa45a8115a8b61fa59bd6ce4e3545"
        },
        {
          "type": "renderModule",
          "assetId": "Ap5u0jRncsyz",
          "checksum": "8637b0f2be37a7248de12fc57b23d5ad"
        },
        {
          "type": "cssRules",
          "assetId": "Ap5u0jRncsyz",
          "checksum": "8637b0f2be37a7248de12fc57b23d5ad"
        },
        {
          "type": "renderModule",
          "assetId": "GgHv52K5p_wn",
          "checksum": "79a2f4c4730a8c6d54cece6ac1ec14d8"
        },
        {
          "type": "cssRules",
          "assetId": "GgHv52K5p_wn",
          "checksum": "79a2f4c4730a8c6d54cece6ac1ec14d8"
        },
        {
          "type": "renderModule",
          "assetId": "nzem11uDyysK",
          "checksum": "f998e9906aa6c80ed57e2d09dbc5b470"
        },
        {
          "type": "cssRules",
          "assetId": "nzem11uDyysK",
          "checksum": "f998e9906aa6c80ed57e2d09dbc5b470"
        },
        {
          "type": "renderModule",
          "assetId": "QXgTY-SNMiWy",
          "checksum": "4c5b6791a55f7249ef22f4c21084fcc5"
        },
        {
          "type": "cssRules",
          "assetId": "QXgTY-SNMiWy",
          "checksum": "4c5b6791a55f7249ef22f4c21084fcc5"
        },
        {
          "type": "renderModule",
          "assetId": "rtaShRIP86u9",
          "checksum": "8b15f5c7de31ebb14f95ba3e3c4fa032"
        },
        {
          "type": "cssRules",
          "assetId": "rtaShRIP86u9",
          "checksum": "8b15f5c7de31ebb14f95ba3e3c4fa032"
        },
        {
          "type": "icon",
          "assetId": "Dz71v1ylSAl4",
          "checksum": "0246d2b314568fadf0d81df6d7b8b4e3"
        },
        {
          "type": "icon",
          "assetId": "6Z8AxjvytrhO",
          "checksum": "d919a310f1c3b8de28847aa5ffc811f8"
        },
        {
          "type": "icon",
          "assetId": "qHh1v8j9a3mO",
          "checksum": "aa28eb7d627025f82e02969dd5436352"
        },
        {
          "type": "image",
          "assetId": "doJgSpEyjaF7",
          "checksum": "55bc6d70787e7a60f30131b46d2ac600"
        },
        {
          "type": "image",
          "assetId": "CLj0zmR0_wil",
          "checksum": "fee0bff3de45767b64646b030f615b6b"
        },
        {
          "type": "image",
          "assetId": "JPW7V7OvoQRM",
          "checksum": "1122026fa7bbce1aa224ad8fe94a7eff"
        },
        {
          "type": "image",
          "assetId": "Z-ito4ZHofNB",
          "checksum": "baa7ae29445a71024493d9a7d6a69aa4"
        },
        {
          "type": "image",
          "assetId": "zua4I-b9mc3C",
          "checksum": "c5c3c8279feee1b32533239a7afaf352"
        },
        {
          "type": "renderModule",
          "assetId": "dyOTtMZDhn7d",
          "checksum": "584ca9290bd5e0fb9cc3c99372b9942f"
        },
        {
          "type": "cssRules",
          "assetId": "dyOTtMZDhn7d",
          "checksum": "584ca9290bd5e0fb9cc3c99372b9942f"
        },
        {
          "assetId": "sZQMbqXz9utLNaTnNb3uss",
          "type": "projectCss",
          "checksum": "73a23194773f5287398d84285a40fbfc"
        },
        {
          "type": "renderModule",
          "assetId": "f_2K-lwgshWK",
          "checksum": "de4753bc50010e0c7bb76e518ebf79cd"
        },
        {
          "type": "cssRules",
          "assetId": "f_2K-lwgshWK",
          "checksum": "de4753bc50010e0c7bb76e518ebf79cd"
        }
      ],
      "codegenVersion": "0.0.1"
    },
    {
      "projectId": "aEHVN5v6mfM4eovDsL8Z7d",
      "version": "0.4.0",
      "dependencies": {},
      "lang": "ts",
      "fileLocks": [
        {
          "assetId": "aEHVN5v6mfM4eovDsL8Z7d",
          "type": "projectCss",
          "checksum": "1c02168c6b23256606111fdfdbb63549"
        }
      ],
      "codegenVersion": "0.0.1"
    },
    {
      "projectId": "sqPBLwEBBKHA2WDuGb17eV",
      "version": "2.4.0",
      "dependencies": {},
      "lang": "ts",
      "fileLocks": [
        {
          "type": "renderModule",
          "assetId": "5nirPCGmCnRD",
          "checksum": "8349abdc2d4e50b2af228bf309abc811"
        },
        {
          "type": "cssRules",
          "assetId": "5nirPCGmCnRD",
          "checksum": "8349abdc2d4e50b2af228bf309abc811"
        },
        {
          "type": "icon",
          "assetId": "Wyt3GMMsLefj",
          "checksum": "d2b1886763aa016780501d0c22f50b5e"
        },
        {
          "type": "icon",
          "assetId": "MbDRsJU0e3bw",
          "checksum": "92672aa6935120ebaac11939d8d127bb"
        },
        {
          "assetId": "sqPBLwEBBKHA2WDuGb17eV",
          "type": "projectCss",
          "checksum": "1c02168c6b23256606111fdfdbb63549"
        }
      ],
      "codegenVersion": "0.0.1"
    },
    {
      "projectId": "hjKYmYi6HMwK6TRyk7ew5R",
      "version": "6.42.0",
      "dependencies": {},
      "lang": "ts",
      "fileLocks": [
        {
          "assetId": "hjKYmYi6HMwK6TRyk7ew5R",
          "checksum": "ce1c1c4c2068f2505d175a1b6e17d26a",
          "type": "globalContexts"
        },
        {
          "assetId": "hjKYmYi6HMwK6TRyk7ew5R",
          "type": "projectCss",
          "checksum": "8261c92e439d6a43426690ea3cba615f"
        }
      ],
      "codegenVersion": "0.0.1"
    },
    {
      "projectId": "cAAqA2dcbTMWwuLSmjs7ss",
      "version": "0.4.0",
      "dependencies": {},
      "lang": "ts",
      "fileLocks": [
        {
          "assetId": "cAAqA2dcbTMWwuLSmjs7ss",
          "type": "projectCss",
          "checksum": "1c02168c6b23256606111fdfdbb63549"
        }
      ],
      "codegenVersion": "0.0.1"
    },
    {
      "projectId": "gmeH6XgPaBtkt51HunAo4g",
      "version": "18.15.0",
      "dependencies": {},
      "lang": "ts",
      "fileLocks": [
        {
          "assetId": "gmeH6XgPaBtkt51HunAo4g",
          "type": "projectCss",
          "checksum": "1c02168c6b23256606111fdfdbb63549"
        }
      ],
      "codegenVersion": "0.0.1"
    }
  ],
  "cliVersion": "0.1.334"
}
