{
  "projects": [
    {
      "projectId": "r3ASNrnyvLLLAtDvzUioQ",
      "version": "4.6.0",
      "dependencies": {},
      "lang": "ts",
      "fileLocks": [
        {
          "assetId": "r3ASNrnyvLLLAtDvzUioQ",
          "type": "projectCss",
          "checksum": "e1ec850476829c38b0f9b6d4f7ac446a"
        }
      ],
      "codegenVersion": "0.0.1"
    },
    {
      "projectId": "caTPwKxj5ZrD9LQ7DMdK4Z",
      "version": "3.38.0",
      "dependencies": {},
      "lang": "ts",
      "fileLocks": [
        {
          "assetId": "caTPwKxj5ZrD9LQ7DMdK4Z",
          "type": "projectCss",
          "checksum": "e1ec850476829c38b0f9b6d4f7ac446a"
        }
      ],
      "codegenVersion": "0.0.1"
    },
    {
      "projectId": "xfguyo8p9zs8FxMdioQAoN",
      "version": "0.33.0",
      "dependencies": {},
      "lang": "ts",
      "fileLocks": [
        {
          "assetId": "xfguyo8p9zs8FxMdioQAoN",
          "type": "projectCss",
          "checksum": "1677c7b52f97b92e7b2e7d105b7c98ef"
        },
        {
          "assetId": "xfguyo8p9zs8FxMdioQAoN",
          "checksum": "8d7960e265a25901c2f134a5ca161aff",
          "type": "globalContexts"
        }
      ],
      "codegenVersion": "0.0.1"
    },
    {
      "projectId": "a3pmZtcpA5asHkNtN3SGoF",
      "version": "0.3.0",
      "dependencies": {},
      "lang": "ts",
      "fileLocks": [
        {
          "assetId": "a3pmZtcpA5asHkNtN3SGoF",
          "type": "projectCss",
          "checksum": "e1ec850476829c38b0f9b6d4f7ac446a"
        }
      ],
      "codegenVersion": "0.0.1"
    },
    {
      "projectId": "gLnoj82AzKVVT7qXiqAbHD",
      "version": "2.12.0",
      "dependencies": {},
      "lang": "ts",
      "fileLocks": [
        {
          "assetId": "gLnoj82AzKVVT7qXiqAbHD",
          "type": "projectCss",
          "checksum": "e1ec850476829c38b0f9b6d4f7ac446a"
        },
        {
          "type": "renderModule",
          "assetId": "lBHNzts6tFyj",
          "checksum": "f23ded377232638b150ce84de23ad819"
        },
        {
          "type": "cssRules",
          "assetId": "lBHNzts6tFyj",
          "checksum": "f23ded377232638b150ce84de23ad819"
        },
        {
          "type": "icon",
          "assetId": "zq2s7N0xWucT",
          "checksum": "7691da81b3fdb3bd85f62a09bf3c2cc7"
        },
        {
          "type": "icon",
          "assetId": "8K40faRNhuCj",
          "checksum": "4fedd32cd8730884585d804464a39318"
        }
      ],
      "codegenVersion": "0.0.1"
    },
    {
      "projectId": "58GpZjZCWTaJ8AUhpCwt2K",
      "version": "3.26.0",
      "dependencies": {},
      "lang": "ts",
      "fileLocks": [
        {
          "assetId": "58GpZjZCWTaJ8AUhpCwt2K",
          "type": "projectCss",
          "checksum": "fd84921cc10936e6ceb458c2ae01c4bd"
        }
      ],
      "codegenVersion": "0.0.1"
    },
    {
      "projectId": "5dGW8Awro3qq8Hh5MveXLP",
      "version": "1.26.0",
      "dependencies": {},
      "lang": "ts",
      "fileLocks": [
        {
          "assetId": "5dGW8Awro3qq8Hh5MveXLP",
          "type": "projectCss",
          "checksum": "208e7308eefeffa5d03c833e22ab6f90"
        }
      ],
      "codegenVersion": "0.0.1"
    },
    {
      "projectId": "mqxdhm5p6WHAt7hW1mdcCX",
      "version": "0.3.0",
      "dependencies": {},
      "lang": "ts",
      "fileLocks": [
        {
          "assetId": "mqxdhm5p6WHAt7hW1mdcCX",
          "type": "projectCss",
          "checksum": "e1ec850476829c38b0f9b6d4f7ac446a"
        }
      ],
      "codegenVersion": "0.0.1"
    },
    {
      "projectId": "8PtdGodUbexNYgkuyBUcWu",
      "version": "3.25.0",
      "dependencies": {},
      "lang": "ts",
      "fileLocks": [
        {
          "assetId": "8PtdGodUbexNYgkuyBUcWu",
          "type": "projectCss",
          "checksum": "078b5be9aa4a8ea2a39b36c771c25aaa"
        },
        {
          "assetId": "8PtdGodUbexNYgkuyBUcWu",
          "checksum": "34a063f27f0b27a7d1d344bc6b5252c5",
          "type": "globalContexts"
        }
      ],
      "codegenVersion": "0.0.1"
    },
    {
      "projectId": "28Ba3BDvRe7EiWdfFNnLB6",
      "version": "2.36.0",
      "dependencies": {},
      "lang": "ts",
      "fileLocks": [
        {
          "assetId": "28Ba3BDvRe7EiWdfFNnLB6",
          "type": "projectCss",
          "checksum": "e1ec850476829c38b0f9b6d4f7ac446a"
        }
      ],
      "codegenVersion": "0.0.1"
    },
    {
      "projectId": "YUiM7yqBWAqsh8KSnrdj7",
      "version": "0.30.0",
      "dependencies": {},
      "lang": "ts",
      "fileLocks": [
        {
          "assetId": "YUiM7yqBWAqsh8KSnrdj7",
          "type": "projectCss",
          "checksum": "dac72600b04b6e6a3014e82512a15fe1"
        }
      ],
      "codegenVersion": "0.0.1"
    },
    {
      "projectId": "9Vr5YWkf3w7jj6SsTcCEta",
      "version": "0.11.0",
      "dependencies": {},
      "lang": "ts",
      "fileLocks": [
        {
          "assetId": "9Vr5YWkf3w7jj6SsTcCEta",
          "type": "projectCss",
          "checksum": "e1ec850476829c38b0f9b6d4f7ac446a"
        }
      ],
      "codegenVersion": "0.0.1"
    },
    {
      "projectId": "jkU633o1Cz7HrJdwdxhVHk",
      "version": "16.11.0",
      "dependencies": {},
      "lang": "ts",
      "fileLocks": [
        {
          "assetId": "jkU633o1Cz7HrJdwdxhVHk",
          "type": "projectCss",
          "checksum": "0581d4378bb1604bb5fe3f65bb0a37de"
        }
      ],
      "codegenVersion": "0.0.1"
    },
    {
      "projectId": "ohDidvG9XsCeFumugENU3J",
      "version": "6.26.0",
      "dependencies": {},
      "lang": "ts",
      "fileLocks": [
        {
          "assetId": "ohDidvG9XsCeFumugENU3J",
          "type": "projectCss",
          "checksum": "fd83b730367fdbde2c69bc6cf31c2a3c"
        },
        {
          "assetId": "ohDidvG9XsCeFumugENU3J",
          "checksum": "de0a0e65174a6a185a8f822af51c6bdd",
          "type": "globalContexts"
        }
      ],
      "codegenVersion": "0.0.1"
    },
    {
      "projectId": "sZQMbqXz9utLNaTnNb3uss",
      "version": "latest",
      "dependencies": {
        "ohDidvG9XsCeFumugENU3J": "6.26.0",
        "jkU633o1Cz7HrJdwdxhVHk": "16.11.0",
        "9Vr5YWkf3w7jj6SsTcCEta": "0.11.0",
        "YUiM7yqBWAqsh8KSnrdj7": "0.30.0",
        "28Ba3BDvRe7EiWdfFNnLB6": "2.36.0",
        "8PtdGodUbexNYgkuyBUcWu": "3.25.0",
        "mqxdhm5p6WHAt7hW1mdcCX": "0.3.0",
        "5dGW8Awro3qq8Hh5MveXLP": "1.26.0",
        "58GpZjZCWTaJ8AUhpCwt2K": "3.26.0",
        "gLnoj82AzKVVT7qXiqAbHD": "2.12.0",
        "a3pmZtcpA5asHkNtN3SGoF": "0.3.0",
        "xfguyo8p9zs8FxMdioQAoN": "0.33.0",
        "caTPwKxj5ZrD9LQ7DMdK4Z": "3.38.0",
        "r3ASNrnyvLLLAtDvzUioQ": "4.6.0",
        "aEHVN5v6mfM4eovDsL8Z7d": "0.3.0"
      },
      "lang": "ts",
      "fileLocks": [
        {
          "type": "globalVariant",
          "assetId": "OSEvNkdp6ZT6",
          "checksum": "fbdd23144c28bba53728e36d0dcfe0b1"
        },
        {
          "type": "globalVariant",
          "assetId": "0yNpRAZ9BHRO",
          "checksum": "436f9c9f76f1cae1babafd40c38194eb"
        },
        {
          "type": "globalVariant",
          "assetId": "0yrtEc_Se3kZ",
          "checksum": "fb07917aa77f9e760c4c64155be6723e"
        },
        {
          "type": "globalVariant",
          "assetId": "N3RmGzhPpcNq",
          "checksum": "f8fc503ecf539933ddff536c28aa83cf"
        },
        {
          "assetId": "sZQMbqXz9utLNaTnNb3uss",
          "checksum": "be9dbd86c79aa9504f2af4adc1e400e4",
          "type": "globalContexts"
        },
        {
          "assetId": "sZQMbqXz9utLNaTnNb3uss",
          "checksum": "98f5fbf8fafb9056660acb021903cbc7",
          "type": "splitsProvider"
        },
        {
          "type": "renderModule",
          "assetId": "CKHzBo8fkmuJ",
          "checksum": "2e70e38e450e1d6ff222d32a21b056de"
        },
        {
          "type": "cssRules",
          "assetId": "CKHzBo8fkmuJ",
          "checksum": "2e70e38e450e1d6ff222d32a21b056de"
        },
        {
          "type": "renderModule",
          "assetId": "VIx710CCadyX",
          "checksum": "860a3a6e5e956992bfa05ff27aaf23c8"
        },
        {
          "type": "cssRules",
          "assetId": "VIx710CCadyX",
          "checksum": "860a3a6e5e956992bfa05ff27aaf23c8"
        },
        {
          "type": "renderModule",
          "assetId": "S_18qgrBezWv",
          "checksum": "605aa470fa3a447de9efb4aec2c8a3f5"
        },
        {
          "type": "cssRules",
          "assetId": "S_18qgrBezWv",
          "checksum": "605aa470fa3a447de9efb4aec2c8a3f5"
        },
        {
          "type": "renderModule",
          "assetId": "P11Qgi5w3RYj",
          "checksum": "51b7eedf017fbef518a3327169f518b0"
        },
        {
          "type": "cssRules",
          "assetId": "P11Qgi5w3RYj",
          "checksum": "51b7eedf017fbef518a3327169f518b0"
        },
        {
          "type": "renderModule",
          "assetId": "-Y88ffsHF_n0",
          "checksum": "016c690c0dff7aaa752fbb377355f7bc"
        },
        {
          "type": "cssRules",
          "assetId": "-Y88ffsHF_n0",
          "checksum": "016c690c0dff7aaa752fbb377355f7bc"
        },
        {
          "type": "renderModule",
          "assetId": "9ozBjyq1SCcU",
          "checksum": "edea81cb4de8f7d985435c47f172af14"
        },
        {
          "type": "cssRules",
          "assetId": "9ozBjyq1SCcU",
          "checksum": "edea81cb4de8f7d985435c47f172af14"
        },
        {
          "type": "renderModule",
          "assetId": "q2bx0G2f_uvE",
          "checksum": "6f3e9eacfe0b18e8f55ae804f916463d"
        },
        {
          "type": "cssRules",
          "assetId": "q2bx0G2f_uvE",
          "checksum": "6f3e9eacfe0b18e8f55ae804f916463d"
        },
        {
          "type": "renderModule",
          "assetId": "9fjf9pOh_9qT",
          "checksum": "1402a49137fa5d11eab253038b3adc09"
        },
        {
          "type": "cssRules",
          "assetId": "9fjf9pOh_9qT",
          "checksum": "1402a49137fa5d11eab253038b3adc09"
        },
        {
          "type": "renderModule",
          "assetId": "IAxGKM4_bu7-",
          "checksum": "e5af7bb5fae07fd4bb2243046adcc4b7"
        },
        {
          "type": "cssRules",
          "assetId": "IAxGKM4_bu7-",
          "checksum": "e5af7bb5fae07fd4bb2243046adcc4b7"
        },
        {
          "type": "renderModule",
          "assetId": "-3JBPQCG-aXv",
          "checksum": "e85d3324d2afa8f8bbc5039b50976593"
        },
        {
          "type": "cssRules",
          "assetId": "-3JBPQCG-aXv",
          "checksum": "e85d3324d2afa8f8bbc5039b50976593"
        },
        {
          "type": "renderModule",
          "assetId": "_5H7Xe2DiXqI",
          "checksum": "cfa9e3b5afd556272a6e5cb02d70b542"
        },
        {
          "type": "cssRules",
          "assetId": "_5H7Xe2DiXqI",
          "checksum": "cfa9e3b5afd556272a6e5cb02d70b542"
        },
        {
          "type": "renderModule",
          "assetId": "qWpAVLMh0kf6",
          "checksum": "29d17e294aab5baede20f704b8ad353b"
        },
        {
          "type": "cssRules",
          "assetId": "qWpAVLMh0kf6",
          "checksum": "29d17e294aab5baede20f704b8ad353b"
        },
        {
          "type": "renderModule",
          "assetId": "zrEzOXBZcn1e",
          "checksum": "df936a56c4e261a826d83b3c6f92df20"
        },
        {
          "type": "cssRules",
          "assetId": "zrEzOXBZcn1e",
          "checksum": "df936a56c4e261a826d83b3c6f92df20"
        },
        {
          "type": "renderModule",
          "assetId": "Ic-wT0cLUqQN",
          "checksum": "79410403f341edfc29bbeff8985ee3d7"
        },
        {
          "type": "cssRules",
          "assetId": "Ic-wT0cLUqQN",
          "checksum": "79410403f341edfc29bbeff8985ee3d7"
        },
        {
          "type": "renderModule",
          "assetId": "9xs0oaOWmddY",
          "checksum": "e52093470d62bc579d824a0be4407992"
        },
        {
          "type": "cssRules",
          "assetId": "9xs0oaOWmddY",
          "checksum": "e52093470d62bc579d824a0be4407992"
        },
        {
          "type": "renderModule",
          "assetId": "sK9gh25-ApmB",
          "checksum": "ae4a80ef873ed7f24f8c6ea63ed233a2"
        },
        {
          "type": "cssRules",
          "assetId": "sK9gh25-ApmB",
          "checksum": "ae4a80ef873ed7f24f8c6ea63ed233a2"
        },
        {
          "type": "renderModule",
          "assetId": "skA4mCHGCjr2",
          "checksum": "8d9faeb84626839f90c9696a9c34f58f"
        },
        {
          "type": "cssRules",
          "assetId": "skA4mCHGCjr2",
          "checksum": "8d9faeb84626839f90c9696a9c34f58f"
        },
        {
          "type": "renderModule",
          "assetId": "LvAnlioG5nBo",
          "checksum": "7f571119ff67412ef824ac1ace3fe6a5"
        },
        {
          "type": "cssRules",
          "assetId": "LvAnlioG5nBo",
          "checksum": "7f571119ff67412ef824ac1ace3fe6a5"
        },
        {
          "type": "renderModule",
          "assetId": "s31M1-QE2ye4",
          "checksum": "2a1fb8f6e4fc5d12b8acceb3f3b9931d"
        },
        {
          "type": "cssRules",
          "assetId": "s31M1-QE2ye4",
          "checksum": "2a1fb8f6e4fc5d12b8acceb3f3b9931d"
        },
        {
          "type": "renderModule",
          "assetId": "KdLckjkHArJ8",
          "checksum": "252f8df5c621e3c6d0a16bfa8cbf7704"
        },
        {
          "type": "cssRules",
          "assetId": "KdLckjkHArJ8",
          "checksum": "252f8df5c621e3c6d0a16bfa8cbf7704"
        },
        {
          "type": "renderModule",
          "assetId": "_v6nB3wu5lfi",
          "checksum": "2077b4b031ff133c0131968fa06e8d10"
        },
        {
          "type": "cssRules",
          "assetId": "_v6nB3wu5lfi",
          "checksum": "2077b4b031ff133c0131968fa06e8d10"
        },
        {
          "type": "icon",
          "assetId": "jg6gpiNRWEQd",
          "checksum": "c22260743d215897fff284112b7aa39d"
        },
        {
          "type": "icon",
          "assetId": "kJGn19RWe05R",
          "checksum": "2a26052e846fe765c105cf1e6ee81fba"
        },
        {
          "type": "icon",
          "assetId": "TD3y-7Y5-XSe",
          "checksum": "0275101cab4e4a34bc0603e1bcff69da"
        },
        {
          "type": "icon",
          "assetId": "EsnxmYoYbiu1",
          "checksum": "15e45c6cc0e621e3d564d0945f536df0"
        },
        {
          "type": "icon",
          "assetId": "a_nZSrhqGoET",
          "checksum": "5adba285f1265321b1b44e73e15e54cc"
        },
        {
          "type": "icon",
          "assetId": "i4UpNybEy7gt",
          "checksum": "f4d53032ded0eeb9668a096af6e5ddf0"
        },
        {
          "type": "icon",
          "assetId": "MLy24KjhFbfA",
          "checksum": "0975eaf5a4b458044cc788bd691dec74"
        },
        {
          "type": "icon",
          "assetId": "GXaBnyf-6uke",
          "checksum": "21420ff482f3ca7ed09b790257db40c5"
        },
        {
          "type": "icon",
          "assetId": "82yFz4S2xECx",
          "checksum": "f76bcc16b29dffd396e03f77de7b3af4"
        },
        {
          "type": "icon",
          "assetId": "Hja4ZSVICbex",
          "checksum": "03b4b81b394a8bb14ccfc3ecd5ea6e36"
        },
        {
          "type": "icon",
          "assetId": "TL8CG-g8PdH5",
          "checksum": "78da544f352460c8a2a2964f6e593515"
        },
        {
          "type": "icon",
          "assetId": "S4C3K3vO_KbJ",
          "checksum": "f629a68dfa65c58bfb73b9cc1afcd10f"
        },
        {
          "type": "icon",
          "assetId": "Rk2K0oeRTS5a",
          "checksum": "19719aec54821d53861a589899ef8d17"
        },
        {
          "type": "icon",
          "assetId": "LNmML4UO8Edb",
          "checksum": "1ac86e443cf012c96ec3da004ba0187e"
        },
        {
          "type": "icon",
          "assetId": "PKDhRR5tO_9t",
          "checksum": "4aa42e59774e2fc4b16bc2a9b28099c7"
        },
        {
          "type": "icon",
          "assetId": "txDOSA20FGud",
          "checksum": "1a53885e3d3b569a043e898c0f7021b2"
        },
        {
          "type": "icon",
          "assetId": "3lQ_sc0p8wap",
          "checksum": "fea4038559f932390087ad63cb218714"
        },
        {
          "type": "icon",
          "assetId": "dwSCO2AnQ3_H",
          "checksum": "bd51c584e48870e0b8aa19c6ccbd7be4"
        },
        {
          "type": "icon",
          "assetId": "Z9HHiQPH0oqg",
          "checksum": "237c775a7aa9728153b086d42a18ff5d"
        },
        {
          "type": "icon",
          "assetId": "2ZGMQ6p5yCvZ",
          "checksum": "221ef21f5008feeb31bd99b64d23d15a"
        },
        {
          "type": "icon",
          "assetId": "GsFYrYWA9bY1",
          "checksum": "6d6637ac98584eaa3ee264259300191b"
        },
        {
          "type": "icon",
          "assetId": "DuoBqJ29N7bW",
          "checksum": "79e9bd636d0e9ccbf473348d17ad7ef0"
        },
        {
          "type": "icon",
          "assetId": "T8YZBqDbfTTx",
          "checksum": "3b3d0fdaebecca373b3ab8e0eab1b62a"
        },
        {
          "type": "icon",
          "assetId": "RaWUYF04_7w6",
          "checksum": "0e8e751cdb701ba03ffb44c5d894e7e8"
        },
        {
          "type": "icon",
          "assetId": "IjMf3uJxQJJ4",
          "checksum": "4985d26160a3981937dc187181544afa"
        },
        {
          "type": "icon",
          "assetId": "MoTa8xfeOqLu",
          "checksum": "18499dbddbba91f756256db5fb807920"
        },
        {
          "type": "icon",
          "assetId": "HqsORJQlPqqt",
          "checksum": "7d332155244ce3cd4d99f96e833a4f18"
        },
        {
          "type": "icon",
          "assetId": "iLykSZUWUYn3",
          "checksum": "c6817d9f982c466e60d593299ef6a8b7"
        },
        {
          "type": "icon",
          "assetId": "b24i35B2UAjx",
          "checksum": "9ed983ebd5f22a9d6e834e0c9d6b10e5"
        },
        {
          "type": "icon",
          "assetId": "33nWwgtNXke6",
          "checksum": "5f8c2d2e92747fe8ae80df57770c24e6"
        },
        {
          "type": "icon",
          "assetId": "31sCRE7YiUW_",
          "checksum": "187137663d7dd6387bd6cdcaf13916f9"
        },
        {
          "type": "icon",
          "assetId": "VaWWUPVszuTF",
          "checksum": "67dce325ef3c0758e2fb74c849bb66e2"
        },
        {
          "type": "icon",
          "assetId": "51hz8qmjnijI",
          "checksum": "682044e21ca31af4ef7e67cc651136fc"
        },
        {
          "type": "icon",
          "assetId": "XqFJUGsoKZel",
          "checksum": "b54be9762b2480e1676a0464e2c039a9"
        },
        {
          "type": "icon",
          "assetId": "3nXrgMVaV7TW",
          "checksum": "87fbba4a84841cbba220fd568db4bc84"
        },
        {
          "type": "icon",
          "assetId": "e-r3yGpdLqXV",
          "checksum": "89f17de92c3910711c045b8069b4e697"
        },
        {
          "type": "icon",
          "assetId": "2gDXBd-n767i",
          "checksum": "a13566e6a4a8c1fade40957e7a33926a"
        },
        {
          "type": "icon",
          "assetId": "9-iJA78OeHS3",
          "checksum": "8ca1a68e7282b773b9caaf64dbb416b4"
        },
        {
          "type": "icon",
          "assetId": "rHsCo4d-hWmk",
          "checksum": "57bf2832b4119ae6873894c8284a922a"
        },
        {
          "type": "icon",
          "assetId": "sTo7uTpsi2Y4",
          "checksum": "718582c988ba8f7cfbbd00ab6396ebb4"
        },
        {
          "type": "icon",
          "assetId": "OQAWETC3rCV5",
          "checksum": "a29d443023cc052a5f3a8960907ee8a9"
        },
        {
          "type": "icon",
          "assetId": "zAKTOg6jZEhK",
          "checksum": "505bd47476b47f352406d41aec907724"
        },
        {
          "type": "icon",
          "assetId": "JA5h_JY8O3lr",
          "checksum": "b04fe1c819b94f7b4cb812b5847591d4"
        },
        {
          "type": "icon",
          "assetId": "ABwvUbBMtZqM",
          "checksum": "e5803b298ce09343641f51dec80527a6"
        },
        {
          "type": "icon",
          "assetId": "dXgXrJG5lp3Z",
          "checksum": "8e0343564f8291653ba258898bd9ff57"
        },
        {
          "type": "icon",
          "assetId": "GsNTpj4MVEyT",
          "checksum": "a3e475fdb6cd316bc2166caf501cc8eb"
        },
        {
          "type": "icon",
          "assetId": "8w6sGTNqgCIT",
          "checksum": "142fb9352524e245cc24727026fcc615"
        },
        {
          "type": "icon",
          "assetId": "zysQdYkJVHU8",
          "checksum": "2e4e6ea915077717ca13bdf4e5202a00"
        },
        {
          "type": "icon",
          "assetId": "4zbbkzrJgNDT",
          "checksum": "54c65d352dda33c4fccbc3074942a301"
        },
        {
          "type": "icon",
          "assetId": "xewoHrXR5FKt",
          "checksum": "ab3ad7edfbeb759550760f1e4155ef9d"
        },
        {
          "type": "icon",
          "assetId": "fVgtzBDXjiS5",
          "checksum": "975844f81ae64521c718c98f16ac790f"
        },
        {
          "type": "icon",
          "assetId": "1qjvhhEmM64X",
          "checksum": "5fff15b3e7b0d4f5cc97bc7acca4a95a"
        },
        {
          "type": "icon",
          "assetId": "w-6fhMSwiFWW",
          "checksum": "10f213c5e905e4fa44c852f291941e36"
        },
        {
          "type": "icon",
          "assetId": "fgZ7Egzk3oz_",
          "checksum": "9bd8ba64a68d33c2ced0a05b70f6d3b5"
        },
        {
          "type": "icon",
          "assetId": "L7zh2uJLRuwn",
          "checksum": "69a82b56667bf912ad8bd5ca3a84b462"
        },
        {
          "type": "icon",
          "assetId": "aoPueH94YLGd",
          "checksum": "0a826d79a63dd01840b1f87db8e4fde5"
        },
        {
          "type": "icon",
          "assetId": "VGmGx9vJ5BFt",
          "checksum": "f94b1cf8ac6c607aa4279eaa3cf1d632"
        },
        {
          "type": "icon",
          "assetId": "H4kDPOF3z7xX",
          "checksum": "9b21fdad22ed8c52d6fd3bca456efd09"
        },
        {
          "type": "icon",
          "assetId": "f1hgArxzFzWU",
          "checksum": "f5ff9ae5c2c1200fced0d4cbbc802535"
        },
        {
          "type": "icon",
          "assetId": "jcZ84VACrq9M",
          "checksum": "382caafd6fb6900297c55925e378fe33"
        },
        {
          "type": "icon",
          "assetId": "E6ROkR3UQ7U7",
          "checksum": "434818895cacdb9ed076f632720cfa99"
        },
        {
          "type": "icon",
          "assetId": "NhZbS6KH21R1",
          "checksum": "4fac364212e455437bc727fba6eb4ef6"
        },
        {
          "type": "icon",
          "assetId": "7-ns4gwQ4ddc",
          "checksum": "d6c554d33ea21822e70adbd4d93a0768"
        },
        {
          "type": "icon",
          "assetId": "Hvik5XcgexJ0",
          "checksum": "17066a76c6eb0cd551dc46574336469c"
        },
        {
          "type": "icon",
          "assetId": "h5M7LXWjjZ9S",
          "checksum": "81c73849eabc6f54028ebc4f74fe14f8"
        },
        {
          "type": "icon",
          "assetId": "4JXM96MZFGZn",
          "checksum": "77c120359c1666dea4710595b4cdb5ac"
        },
        {
          "type": "icon",
          "assetId": "o5fEPeaAf9nA",
          "checksum": "17a03433bf77286d2ab48fedf296a03e"
        },
        {
          "type": "image",
          "assetId": "hqjUGwrCLo_F",
          "checksum": "228f90e2d2104431b45f7474d837dbb2"
        },
        {
          "type": "image",
          "assetId": "_xqcFLNqCQYV",
          "checksum": "ccbc2af1eb48f03e2348c3040d56db61"
        },
        {
          "type": "image",
          "assetId": "Qq6xyC3yDxOD",
          "checksum": "1c2f68c927946fa20485de7a39d43d4b"
        },
        {
          "type": "image",
          "assetId": "LxR4fzzTQFZl",
          "checksum": "82d72c48657b35cce7d61a01bbce4e9a"
        },
        {
          "type": "image",
          "assetId": "Sf8KEyPDNL61",
          "checksum": "80a6a093747da423f35bb79e1410c77b"
        },
        {
          "type": "image",
          "assetId": "SjXCbAiNAqmc",
          "checksum": "6740efe1f679504215e25e7acf98c0ef"
        },
        {
          "type": "image",
          "assetId": "t1gu7fEeVLXk",
          "checksum": "587869d46007d6400316b6d524067a86"
        },
        {
          "type": "image",
          "assetId": "kz6jV0p46jAX",
          "checksum": "c2e9c736184faf6564d2b4698c3194ac"
        },
        {
          "type": "image",
          "assetId": "oaJv32qtyKOK",
          "checksum": "03cc3c0c51270ddf48d1541e89657278"
        },
        {
          "type": "image",
          "assetId": "-YqnWpN3arjX",
          "checksum": "f8bec66ceb01eb7bfc39b6c56e22b337"
        },
        {
          "type": "image",
          "assetId": "siA_55cpZ5GO",
          "checksum": "884981afbc323cf2fa6e734df85f6d3d"
        },
        {
          "type": "image",
          "assetId": "WLtXGVGH4G9v",
          "checksum": "dd1d4f3a43869934cc7ca12adae490f7"
        },
        {
          "type": "image",
          "assetId": "f_CAXDC38TO9",
          "checksum": "8fa2ae0e72e6d14b571697319e03895e"
        },
        {
          "type": "image",
          "assetId": "RovEw7OY80by",
          "checksum": "f344d3f1fefe6145455c8cdf2523b382"
        },
        {
          "type": "image",
          "assetId": "Sao7cx8SVxwk",
          "checksum": "af561061c588af4426e6418f3f2d921d"
        },
        {
          "type": "image",
          "assetId": "iCkX4leaiQif",
          "checksum": "9572485a92ce1b3702c374c30e1429f7"
        },
        {
          "type": "image",
          "assetId": "B0S55SkszVel",
          "checksum": "d043d5a2259b90a32ad6c2fe9d6d2756"
        },
        {
          "type": "image",
          "assetId": "tJlJ5H8aEYEA",
          "checksum": "b0a5016938ab6818bfa1645b4651a219"
        },
        {
          "type": "image",
          "assetId": "cr2f64hBNhhx",
          "checksum": "49e20bc7972a44b1d8645d00df737751"
        },
        {
          "type": "image",
          "assetId": "m9VZ0pprhd7A",
          "checksum": "5597c95fa1485d1ce1c9dcf606d24928"
        },
        {
          "type": "image",
          "assetId": "wxWZndzElyv2",
          "checksum": "0341139268086d383476efab2ff2c0b3"
        },
        {
          "type": "image",
          "assetId": "6N19HLypFWjw",
          "checksum": "94fddbe658936a097f6bee0777b8f664"
        },
        {
          "type": "icon",
          "assetId": "C6JXzIwoE8dX",
          "checksum": "99b0a1e383f5c0024385ac1bd26a8d06"
        },
        {
          "type": "icon",
          "assetId": "Wld47LicVqDV",
          "checksum": "40947b2fe102c43c376cec8613feb817"
        },
        {
          "type": "icon",
          "assetId": "FrIpHYscyQGN",
          "checksum": "34070ad3cbf727c610ca8650e8b79f86"
        },
        {
          "type": "icon",
          "assetId": "BzJvQ-Ivkti9",
          "checksum": "a56d065c73f33f3489e0e6b13b65422a"
        },
        {
          "type": "image",
          "assetId": "MGFUpk6fVkzN",
          "checksum": "1b101d058e6365e9c23385d75b1fbe93"
        },
        {
          "type": "image",
          "assetId": "0No9WMWjAylF",
          "checksum": "d00bccbbb9aa0b268d6ec17f6361e9e5"
        },
        {
          "type": "icon",
          "assetId": "aU_d9Ch-rBVW",
          "checksum": "4f3ab653314488fbdc0c5ae3900ecd5d"
        },
        {
          "assetId": "sZQMbqXz9utLNaTnNb3uss",
          "type": "projectCss",
          "checksum": "4ff49a02ffab5cf27c484a19890fd76d"
        }
      ],
      "codegenVersion": "0.0.1"
    },
    {
      "projectId": "aEHVN5v6mfM4eovDsL8Z7d",
      "version": "0.3.0",
      "dependencies": {},
      "lang": "ts",
      "fileLocks": [
        {
          "assetId": "aEHVN5v6mfM4eovDsL8Z7d",
          "type": "projectCss",
          "checksum": "e1ec850476829c38b0f9b6d4f7ac446a"
        }
      ],
      "codegenVersion": "0.0.1"
    }
  ],
  "cliVersion": "0.1.334"
}
